// !$*UTF8*$!
{
	archiveVersion = 1;
	classes = {
	};
	objectVersion = 46;
	objects = {

/* Begin PBXBuildFile section */
		06A9BD341A9B549B466826376A3D2413 /* Assets.xcassets in Resources */ = {isa = PBXBuildFile; fileRef = 8D958D0625B33CA4F5B9E3B52D63A36B /* Assets.xcassets */; };
		16FF7BCCC040DBA9854BD3F5B4B7EEE7 /* ProgressHUD.swift in Sources */ = {isa = PBXBuildFile; fileRef = 73A4F260796706653FEDA42C67E4215D /* ProgressHUD.swift */; };
		1F24C44017B4827B3533A27C30B1D4C7 /* OnboardingVehicleInputFrameViewController.swift in Sources */ = {isa = PBXBuildFile; fileRef = 43BB7F97B2D9AC3F62F421EF05927DDC /* OnboardingVehicleInputFrameViewController.swift */; };
		233DCF1D5EDD9BB12974A644348B0491 /* SettingsFormViewController.swift in Sources */ = {isa = PBXBuildFile; fileRef = 8C01EA1746B2B84168EF5A0DC378E02C /* SettingsFormViewController.swift */; };
		269009B517D287693C1B11BB9692F195 /* Pods_ios_app.framework in Frameworks */ = {isa = PBXBuildFile; fileRef = 9B3B9338D030805225619B817B24C830 /* Pods_ios_app.framework */; };
		31019DBE74EAB2C7E85DEA8167B7BF11 /* signInContainerViewController.swift in Sources */ = {isa = PBXBuildFile; fileRef = 6E446201498C1AB0DF67DE79DEECFF46 /* signInContainerViewController.swift */; };
		3859A90E2018A2F372A3A712246F2ED6 /* seattle.mov in Resources */ = {isa = PBXBuildFile; fileRef = 38F7749561D7A09B9A1E206599842E8E /* seattle.mov */; };
		38D5CCA17DA10FC2BB5F74A48E6A8A13 /* ios_appTests.swift in Sources */ = {isa = PBXBuildFile; fileRef = 83E36859A2066CF7E2A4E86B5C221357 /* ios_appTests.swift */; };
		4E0CD37CBC72C156B52DC9628D9E9C56 /* DriveViewController.swift in Sources */ = {isa = PBXBuildFile; fileRef = 626147F27F3DDAE6969CD5185FC91B66 /* DriveViewController.swift */; };
		57C6F00F79E5D7281B159D6DCFF3699E /* AboutPrivacyPolicyViewController.swift in Sources */ = {isa = PBXBuildFile; fileRef = 88A97D257E23C80B47B33F6D1A6FB79F /* AboutPrivacyPolicyViewController.swift */; };
		618640CF7052C844C7A8DD0BEB8AE954 /* Pods_ios_appUITests.framework in Frameworks */ = {isa = PBXBuildFile; fileRef = 22B3F91C09AB653384F396AA380C4D2E /* Pods_ios_appUITests.framework */; };
		63254EFE5F3EF2507A91392D2896E9C7 /* ios_app.xcdatamodeld in Sources */ = {isa = PBXBuildFile; fileRef = B7C665298DB176695132B2F26FA1F9E6 /* ios_app.xcdatamodeld */; };
		63701A70CEFD0B5BDAE74604FE4A50A7 /* Main.storyboard in Resources */ = {isa = PBXBuildFile; fileRef = E11160A8E6C999C1B1CB46BB32990AE7 /* Main.storyboard */; };
		63D41EA86ED1CCCE596BD598F48E4A3E /* AppDelegate.swift in Sources */ = {isa = PBXBuildFile; fileRef = CD4723942D8C35A66482A93661B91F5F /* AppDelegate.swift */; };
		739359C72B85CE07A90DD687ABAC4321 /* ios_appUITests.swift in Sources */ = {isa = PBXBuildFile; fileRef = A5A29964B8F0B4C2F0A0FF7EA8C97BC6 /* ios_appUITests.swift */; };
		7B54CA339D30C8697756BB99300E1ACA /* AboutViewController.swift in Sources */ = {isa = PBXBuildFile; fileRef = 0F2737A4A5CAF7E4FDA2994A01F81561 /* AboutViewController.swift */; };
		89C5314C8ACC42F27CDFF82EBDD903E1 /* OnboardingVehicleFormViewController.swift in Sources */ = {isa = PBXBuildFile; fileRef = 8BE668904159116B8DE719A74826E423 /* OnboardingVehicleFormViewController.swift */; };
		8CCBFC4B0280459A31E0445B928B9BEC /* OnboardingAboutViewController.swift in Sources */ = {isa = PBXBuildFile; fileRef = FDF0DCF6EA7AB223AB3317B56B0B7A9E /* OnboardingAboutViewController.swift */; };
		8D1B2E3DF83CAF25062D87CD2C1213C6 /* OnboardingTermsViewController.swift in Sources */ = {isa = PBXBuildFile; fileRef = 8D148EF1F5F60A6A173A833C60630772 /* OnboardingTermsViewController.swift */; };
		91996BDB2963FBF2FF8EC8E8B8649406 /* DB.swift in Sources */ = {isa = PBXBuildFile; fileRef = 7B8B5BC677B1038566550CB03EFFEBB4 /* DB.swift */; };
		9344BFC53DD62E2B252A09F182675EE1 /* TabBarViewController.swift in Sources */ = {isa = PBXBuildFile; fileRef = 880EB9519B5038CA89CEE75133D7E0B2 /* TabBarViewController.swift */; };
		971CC6486EAECBE47A3296A67C2B80BA /* userRegistrationFormViewController.swift in Sources */ = {isa = PBXBuildFile; fileRef = 72162C848D2DB61A577392B1849EB990 /* userRegistrationFormViewController.swift */; };
		9ABE3C681C81AF28509A365CC6922230 /* Pods_ios_appTests.framework in Frameworks */ = {isa = PBXBuildFile; fileRef = A7AC5F3F506A9742D810760E2887AA2D /* Pods_ios_appTests.framework */; };
		A243094A71AA77A242EF8C0948AEFF42 /* master.swift in Sources */ = {isa = PBXBuildFile; fileRef = 99EC2A94FE8BC24B12B3FABA5691F07D /* master.swift */; };
		A73F3F550889FDD784BB1E5A35D0EE75 /* OnboardingNextStepsViewController.swift in Sources */ = {isa = PBXBuildFile; fileRef = F56801B1B6DE73A986B646151F11B371 /* OnboardingNextStepsViewController.swift */; };
		B73D2FAD2D6D9F4CB0D7C76D92288E42 /* signInFormViewController.swift in Sources */ = {isa = PBXBuildFile; fileRef = 212B5F478D766551AB92A3C8AB4808B0 /* signInFormViewController.swift */; };
		BA8AD98CA2DFC64E2F586DDDC3C4A58B /* initialViewController.swift in Sources */ = {isa = PBXBuildFile; fileRef = D44A28D9B88D33F110E14B474EDA94BB /* initialViewController.swift */; };
		BDA701ECBCC0400339E51B59EB70FFF8 /* BLERouter.swift in Sources */ = {isa = PBXBuildFile; fileRef = 4AA5C6592E672205AE7042E0E9F73B84 /* BLERouter.swift */; };
		C01E2D6FD39B48F9667FD3FF37276071 /* SettingsViewController.swift in Sources */ = {isa = PBXBuildFile; fileRef = E01B774056617283E4F8DAD7F8198590 /* SettingsViewController.swift */; };
		C0FC7CE19C27944DDD4C65D4FEC49499 /* LaunchScreen.storyboard in Resources */ = {isa = PBXBuildFile; fileRef = E1016BC43F87A95FCE9EAB7F978691D6 /* LaunchScreen.storyboard */; };
		C1BD8E44F38868604C3072654A54CE64 /* OnboardingOBDIIViewController.swift in Sources */ = {isa = PBXBuildFile; fileRef = 726912D30FAE771354D27173DC9E3319 /* OnboardingOBDIIViewController.swift */; };
		C29C1A46750FF6CEC150ED6ECEF8DA24 /* TripsViewController.swift in Sources */ = {isa = PBXBuildFile; fileRef = 24409AEF74396A96DB5940F12EF83B3E /* TripsViewController.swift */; };
		C62ED54BCF7EC6DD1BAAB340734366AB /* OnboardingAccountDetailsViewController.swift in Sources */ = {isa = PBXBuildFile; fileRef = 354E5F06A9ED0DFE06BBF8B3F19B8F1F /* OnboardingAccountDetailsViewController.swift */; };
		CE8166C3AFD2F1655EF4F81EEC59D712 /* GoogleService-Info.plist in Resources */ = {isa = PBXBuildFile; fileRef = 1E96398BA6A81D66C17B1676202C4279 /* GoogleService-Info.plist */; };
		DF2FC0F47FE27BBE18E0F1AB22F48DFF /* TripTableViewCell.swift in Sources */ = {isa = PBXBuildFile; fileRef = 00992823807C74F5E0C484B8117A65A5 /* TripTableViewCell.swift */; };
		E273EC3DEAB56CC0A0BCC3D8B059BA99 /* OnboardingEnableFeaturesViewController.swift in Sources */ = {isa = PBXBuildFile; fileRef = CC0A5586F2B7638A92DC89C91088E985 /* OnboardingEnableFeaturesViewController.swift */; };
		EFF53B31B7887B59E40C987659CF1454 /* AboutProgramViewController.swift in Sources */ = {isa = PBXBuildFile; fileRef = 88BDCA22BC12CB74F1D0E1752C7646CB /* AboutProgramViewController.swift */; };
/* End PBXBuildFile section */

/* Begin PBXContainerItemProxy section */
		DAE185D8E739280EEE76B5FE4C5DE700 /* PBXContainerItemProxy */ = {
			isa = PBXContainerItemProxy;
			containerPortal = 3D3913682A3EE96A333958CF4B8F0DCC /* Project object */;
			proxyType = 1;
			remoteGlobalIDString = 4B7F7B27DA252087D73087D24E7742BA;
			remoteInfo = "ios-app";
		};
		F15D371086188AB84F542092A61BD068 /* PBXContainerItemProxy */ = {
			isa = PBXContainerItemProxy;
			containerPortal = 3D3913682A3EE96A333958CF4B8F0DCC /* Project object */;
			proxyType = 1;
			remoteGlobalIDString = 4B7F7B27DA252087D73087D24E7742BA;
			remoteInfo = "ios-app";
		};
/* End PBXContainerItemProxy section */

/* Begin PBXFileReference section */
		00992823807C74F5E0C484B8117A65A5 /* TripTableViewCell.swift */ = {isa = PBXFileReference; fileEncoding = 4; lastKnownFileType = sourcecode.swift; path = TripTableViewCell.swift; sourceTree = "<group>"; };
		013A9B4DE67988F68090F821C40F92E1 /* Pods-ios-appUITests.debug.xcconfig */ = {isa = PBXFileReference; includeInIndex = 1; lastKnownFileType = text.xcconfig; name = "Pods-ios-appUITests.debug.xcconfig"; path = "Pods/Target Support Files/Pods-ios-appUITests/Pods-ios-appUITests.debug.xcconfig"; sourceTree = "<group>"; };
		0B2669E0AC51EF94156CBA67F82FABE1 /* Pods-ios-appTests.release.xcconfig */ = {isa = PBXFileReference; includeInIndex = 1; lastKnownFileType = text.xcconfig; name = "Pods-ios-appTests.release.xcconfig"; path = "Pods/Target Support Files/Pods-ios-appTests/Pods-ios-appTests.release.xcconfig"; sourceTree = "<group>"; };
		0F2737A4A5CAF7E4FDA2994A01F81561 /* AboutViewController.swift */ = {isa = PBXFileReference; fileEncoding = 4; lastKnownFileType = sourcecode.swift; path = AboutViewController.swift; sourceTree = "<group>"; };
		1C382CED79453FBA8144FB1EFAD89693 /* Info.plist */ = {isa = PBXFileReference; lastKnownFileType = text.plist.xml; path = Info.plist; sourceTree = "<group>"; };
		1E96398BA6A81D66C17B1676202C4279 /* GoogleService-Info.plist */ = {isa = PBXFileReference; fileEncoding = 4; lastKnownFileType = text.plist.xml; path = "GoogleService-Info.plist"; sourceTree = "<group>"; };
		212B5F478D766551AB92A3C8AB4808B0 /* signInFormViewController.swift */ = {isa = PBXFileReference; fileEncoding = 4; lastKnownFileType = sourcecode.swift; path = signInFormViewController.swift; sourceTree = "<group>"; };
		22B3F91C09AB653384F396AA380C4D2E /* Pods_ios_appUITests.framework */ = {isa = PBXFileReference; explicitFileType = wrapper.framework; includeInIndex = 0; path = Pods_ios_appUITests.framework; sourceTree = BUILT_PRODUCTS_DIR; };
		24409AEF74396A96DB5940F12EF83B3E /* TripsViewController.swift */ = {isa = PBXFileReference; fileEncoding = 4; lastKnownFileType = sourcecode.swift; path = TripsViewController.swift; sourceTree = "<group>"; };
		3305255BB889E3EE7EE20FF3E663EF64 /* Info.plist */ = {isa = PBXFileReference; lastKnownFileType = text.plist.xml; path = Info.plist; sourceTree = "<group>"; };
		354E5F06A9ED0DFE06BBF8B3F19B8F1F /* OnboardingAccountDetailsViewController.swift */ = {isa = PBXFileReference; fileEncoding = 4; lastKnownFileType = sourcecode.swift; path = OnboardingAccountDetailsViewController.swift; sourceTree = "<group>"; };
		35A666A6F093DED3BCAECBD92C8664E7 /* Base */ = {isa = PBXFileReference; lastKnownFileType = file.storyboard; name = Base; path = Base.lproj/LaunchScreen.storyboard; sourceTree = "<group>"; };
		36EF0FD39F236A9DE223914449F299D3 /* ios-appUITests.xctest */ = {isa = PBXFileReference; explicitFileType = wrapper.cfbundle; includeInIndex = 0; path = "ios-appUITests.xctest"; sourceTree = BUILT_PRODUCTS_DIR; };
		38F7749561D7A09B9A1E206599842E8E /* seattle.mov */ = {isa = PBXFileReference; lastKnownFileType = video.quicktime; path = seattle.mov; sourceTree = "<group>"; };
		3C3D8F4835EAA11FD5C32E6F125EF6A5 /* Pods-ios-appTests.debug.xcconfig */ = {isa = PBXFileReference; includeInIndex = 1; lastKnownFileType = text.xcconfig; name = "Pods-ios-appTests.debug.xcconfig"; path = "Pods/Target Support Files/Pods-ios-appTests/Pods-ios-appTests.debug.xcconfig"; sourceTree = "<group>"; };
		40B687E7761B32C937C275BE963E3053 /* Pods-ios-appUITests.release.xcconfig */ = {isa = PBXFileReference; includeInIndex = 1; lastKnownFileType = text.xcconfig; name = "Pods-ios-appUITests.release.xcconfig"; path = "Pods/Target Support Files/Pods-ios-appUITests/Pods-ios-appUITests.release.xcconfig"; sourceTree = "<group>"; };
		43BB7F97B2D9AC3F62F421EF05927DDC /* OnboardingVehicleInputFrameViewController.swift */ = {isa = PBXFileReference; fileEncoding = 4; lastKnownFileType = sourcecode.swift; path = OnboardingVehicleInputFrameViewController.swift; sourceTree = "<group>"; };
		4AA5C6592E672205AE7042E0E9F73B84 /* BLERouter.swift */ = {isa = PBXFileReference; fileEncoding = 4; lastKnownFileType = sourcecode.swift; path = BLERouter.swift; sourceTree = "<group>"; };
		53503EBC5433A018AA0C72B1285DD994 /* ios-appTests.xctest */ = {isa = PBXFileReference; explicitFileType = wrapper.cfbundle; includeInIndex = 0; path = "ios-appTests.xctest"; sourceTree = BUILT_PRODUCTS_DIR; };
		578289527F9714E0BB9D02424C1DA42F /* ios_app.xcdatamodel */ = {isa = PBXFileReference; lastKnownFileType = wrapper.xcdatamodel; path = ios_app.xcdatamodel; sourceTree = "<group>"; };
		626147F27F3DDAE6969CD5185FC91B66 /* DriveViewController.swift */ = {isa = PBXFileReference; fileEncoding = 4; lastKnownFileType = sourcecode.swift; path = DriveViewController.swift; sourceTree = "<group>"; };
		6E446201498C1AB0DF67DE79DEECFF46 /* signInContainerViewController.swift */ = {isa = PBXFileReference; fileEncoding = 4; lastKnownFileType = sourcecode.swift; path = signInContainerViewController.swift; sourceTree = "<group>"; };
		7155F0AF2F917F34B10454E020C1E03E /* Pods-ios-app.debug.xcconfig */ = {isa = PBXFileReference; includeInIndex = 1; lastKnownFileType = text.xcconfig; name = "Pods-ios-app.debug.xcconfig"; path = "Pods/Target Support Files/Pods-ios-app/Pods-ios-app.debug.xcconfig"; sourceTree = "<group>"; };
		72162C848D2DB61A577392B1849EB990 /* userRegistrationFormViewController.swift */ = {isa = PBXFileReference; fileEncoding = 4; lastKnownFileType = sourcecode.swift; path = userRegistrationFormViewController.swift; sourceTree = "<group>"; };
		726912D30FAE771354D27173DC9E3319 /* OnboardingOBDIIViewController.swift */ = {isa = PBXFileReference; fileEncoding = 4; lastKnownFileType = sourcecode.swift; path = OnboardingOBDIIViewController.swift; sourceTree = "<group>"; };
		73A4F260796706653FEDA42C67E4215D /* ProgressHUD.swift */ = {isa = PBXFileReference; fileEncoding = 4; lastKnownFileType = sourcecode.swift; path = ProgressHUD.swift; sourceTree = "<group>"; };
		7B7FB9104AE8A001DF3C179095EA76F9 /* Pods-ios-app.release.xcconfig */ = {isa = PBXFileReference; includeInIndex = 1; lastKnownFileType = text.xcconfig; name = "Pods-ios-app.release.xcconfig"; path = "Pods/Target Support Files/Pods-ios-app/Pods-ios-app.release.xcconfig"; sourceTree = "<group>"; };
		7B8B5BC677B1038566550CB03EFFEBB4 /* DB.swift */ = {isa = PBXFileReference; fileEncoding = 4; lastKnownFileType = sourcecode.swift; path = DB.swift; sourceTree = "<group>"; };
		81F6DF939BAEA04952A2FEC910611DF5 /* ios-app.app */ = {isa = PBXFileReference; explicitFileType = wrapper.application; includeInIndex = 0; path = "ios-app.app"; sourceTree = BUILT_PRODUCTS_DIR; };
		83E36859A2066CF7E2A4E86B5C221357 /* ios_appTests.swift */ = {isa = PBXFileReference; lastKnownFileType = sourcecode.swift; path = ios_appTests.swift; sourceTree = "<group>"; };
		880EB9519B5038CA89CEE75133D7E0B2 /* TabBarViewController.swift */ = {isa = PBXFileReference; fileEncoding = 4; lastKnownFileType = sourcecode.swift; path = TabBarViewController.swift; sourceTree = "<group>"; };
		88A97D257E23C80B47B33F6D1A6FB79F /* AboutPrivacyPolicyViewController.swift */ = {isa = PBXFileReference; fileEncoding = 4; lastKnownFileType = sourcecode.swift; path = AboutPrivacyPolicyViewController.swift; sourceTree = "<group>"; };
		88BDCA22BC12CB74F1D0E1752C7646CB /* AboutProgramViewController.swift */ = {isa = PBXFileReference; fileEncoding = 4; lastKnownFileType = sourcecode.swift; path = AboutProgramViewController.swift; sourceTree = "<group>"; };
		8BE668904159116B8DE719A74826E423 /* OnboardingVehicleFormViewController.swift */ = {isa = PBXFileReference; fileEncoding = 4; lastKnownFileType = sourcecode.swift; path = OnboardingVehicleFormViewController.swift; sourceTree = "<group>"; };
		8C01EA1746B2B84168EF5A0DC378E02C /* SettingsFormViewController.swift */ = {isa = PBXFileReference; fileEncoding = 4; lastKnownFileType = sourcecode.swift; path = SettingsFormViewController.swift; sourceTree = "<group>"; };
		8D148EF1F5F60A6A173A833C60630772 /* OnboardingTermsViewController.swift */ = {isa = PBXFileReference; fileEncoding = 4; lastKnownFileType = sourcecode.swift; path = OnboardingTermsViewController.swift; sourceTree = "<group>"; };
		8D958D0625B33CA4F5B9E3B52D63A36B /* Assets.xcassets */ = {isa = PBXFileReference; lastKnownFileType = folder.assetcatalog; path = Assets.xcassets; sourceTree = "<group>"; };
		99EC2A94FE8BC24B12B3FABA5691F07D /* master.swift */ = {isa = PBXFileReference; fileEncoding = 4; lastKnownFileType = sourcecode.swift; path = master.swift; sourceTree = "<group>"; };
		9B3B9338D030805225619B817B24C830 /* Pods_ios_app.framework */ = {isa = PBXFileReference; explicitFileType = wrapper.framework; includeInIndex = 0; path = Pods_ios_app.framework; sourceTree = BUILT_PRODUCTS_DIR; };
		A5A29964B8F0B4C2F0A0FF7EA8C97BC6 /* ios_appUITests.swift */ = {isa = PBXFileReference; lastKnownFileType = sourcecode.swift; path = ios_appUITests.swift; sourceTree = "<group>"; };
		A7AC5F3F506A9742D810760E2887AA2D /* Pods_ios_appTests.framework */ = {isa = PBXFileReference; explicitFileType = wrapper.framework; includeInIndex = 0; path = Pods_ios_appTests.framework; sourceTree = BUILT_PRODUCTS_DIR; };
		CC0A5586F2B7638A92DC89C91088E985 /* OnboardingEnableFeaturesViewController.swift */ = {isa = PBXFileReference; fileEncoding = 4; lastKnownFileType = sourcecode.swift; path = OnboardingEnableFeaturesViewController.swift; sourceTree = "<group>"; };
		CD4723942D8C35A66482A93661B91F5F /* AppDelegate.swift */ = {isa = PBXFileReference; lastKnownFileType = sourcecode.swift; path = AppDelegate.swift; sourceTree = "<group>"; };
		D44A28D9B88D33F110E14B474EDA94BB /* initialViewController.swift */ = {isa = PBXFileReference; fileEncoding = 4; lastKnownFileType = sourcecode.swift; path = initialViewController.swift; sourceTree = "<group>"; };
		E01B774056617283E4F8DAD7F8198590 /* SettingsViewController.swift */ = {isa = PBXFileReference; fileEncoding = 4; lastKnownFileType = sourcecode.swift; path = SettingsViewController.swift; sourceTree = "<group>"; };
		E11160A8E6C999C1B1CB46BB32990AE7 /* Main.storyboard */ = {isa = PBXFileReference; fileEncoding = 4; lastKnownFileType = file.storyboard; path = Main.storyboard; sourceTree = "<group>"; };
		F56801B1B6DE73A986B646151F11B371 /* OnboardingNextStepsViewController.swift */ = {isa = PBXFileReference; fileEncoding = 4; lastKnownFileType = sourcecode.swift; path = OnboardingNextStepsViewController.swift; sourceTree = "<group>"; };
		FD4BECC19EFB2E7BB06F244D3954808B /* Info.plist */ = {isa = PBXFileReference; lastKnownFileType = text.plist.xml; path = Info.plist; sourceTree = "<group>"; };
		FDF0DCF6EA7AB223AB3317B56B0B7A9E /* OnboardingAboutViewController.swift */ = {isa = PBXFileReference; fileEncoding = 4; lastKnownFileType = sourcecode.swift; path = OnboardingAboutViewController.swift; sourceTree = "<group>"; };
/* End PBXFileReference section */

/* Begin PBXFrameworksBuildPhase section */
		1DCE71919BF96772712594B021C007C7 /* Frameworks */ = {
			isa = PBXFrameworksBuildPhase;
			buildActionMask = 2147483647;
			files = (
				9ABE3C681C81AF28509A365CC6922230 /* Pods_ios_appTests.framework in Frameworks */,
			);
			runOnlyForDeploymentPostprocessing = 0;
		};
		8B75BB28CE560DD914CF106EB80DDF11 /* Frameworks */ = {
			isa = PBXFrameworksBuildPhase;
			buildActionMask = 2147483647;
			files = (
				269009B517D287693C1B11BB9692F195 /* Pods_ios_app.framework in Frameworks */,
			);
			runOnlyForDeploymentPostprocessing = 0;
		};
		B13A04806C6AE5FE4CB5AACBC02EB62D /* Frameworks */ = {
			isa = PBXFrameworksBuildPhase;
			buildActionMask = 2147483647;
			files = (
				618640CF7052C844C7A8DD0BEB8AE954 /* Pods_ios_appUITests.framework in Frameworks */,
			);
			runOnlyForDeploymentPostprocessing = 0;
		};
/* End PBXFrameworksBuildPhase section */

/* Begin PBXGroup section */
		017A04A570ED0CAAA1AAA30768595F07 /* ios-appTests */ = {
			isa = PBXGroup;
			children = (
				FD4BECC19EFB2E7BB06F244D3954808B /* Info.plist */,
				83E36859A2066CF7E2A4E86B5C221357 /* ios_appTests.swift */,
			);
			path = "ios-appTests";
			sourceTree = "<group>";
		};
		01BCFC7ADE8BB7BB58F934D7DF5CD040 = {
			isa = PBXGroup;
			children = (
				53490CE34C735D9FFCF24DDBDC3D53BD /* Frameworks */,
				7206E0E66039A8F4DD540C74A19CADE4 /* Pods */,
				6C92506499930850E8193E7A651D946D /* Products */,
				4D2AB937E412FDB73D141FD1F00BF152 /* ios-app */,
				017A04A570ED0CAAA1AAA30768595F07 /* ios-appTests */,
				30281A23B2132A503D8EAD7417366EAB /* ios-appUITests */,
			);
			sourceTree = "<group>";
		};
		30281A23B2132A503D8EAD7417366EAB /* ios-appUITests */ = {
			isa = PBXGroup;
			children = (
				1C382CED79453FBA8144FB1EFAD89693 /* Info.plist */,
				A5A29964B8F0B4C2F0A0FF7EA8C97BC6 /* ios_appUITests.swift */,
			);
			path = "ios-appUITests";
			sourceTree = "<group>";
		};
		4D2AB937E412FDB73D141FD1F00BF152 /* ios-app */ = {
			isa = PBXGroup;
			children = (
				E12960067B4BC9046B88D60180D21A75 /* Models */,
				FA759E30E710B0DC2A47271BF9DA03F0 /* OnboardingViewControllers */,
				638B160FEBAFF11C15AA151F1726C446 /* Storyboards */,
				9C3678744F73B3BEDA7AFA6C4BCBEAF3 /* ViewControllers */,
				CD4723942D8C35A66482A93661B91F5F /* AppDelegate.swift */,
				8D958D0625B33CA4F5B9E3B52D63A36B /* Assets.xcassets */,
				1E96398BA6A81D66C17B1676202C4279 /* GoogleService-Info.plist */,
				3305255BB889E3EE7EE20FF3E663EF64 /* Info.plist */,
				B7C665298DB176695132B2F26FA1F9E6 /* ios_app.xcdatamodeld */,
			);
			path = "ios-app";
			sourceTree = "<group>";
		};
		53490CE34C735D9FFCF24DDBDC3D53BD /* Frameworks */ = {
			isa = PBXGroup;
			children = (
				9B3B9338D030805225619B817B24C830 /* Pods_ios_app.framework */,
				A7AC5F3F506A9742D810760E2887AA2D /* Pods_ios_appTests.framework */,
				22B3F91C09AB653384F396AA380C4D2E /* Pods_ios_appUITests.framework */,
			);
			name = Frameworks;
			sourceTree = "<group>";
		};
		638B160FEBAFF11C15AA151F1726C446 /* Storyboards */ = {
			isa = PBXGroup;
			children = (
				E1016BC43F87A95FCE9EAB7F978691D6 /* LaunchScreen.storyboard */,
				E11160A8E6C999C1B1CB46BB32990AE7 /* Main.storyboard */,
			);
			name = Storyboards;
			sourceTree = "<group>";
		};
		6C92506499930850E8193E7A651D946D /* Products */ = {
			isa = PBXGroup;
			children = (
				81F6DF939BAEA04952A2FEC910611DF5 /* ios-app.app */,
				53503EBC5433A018AA0C72B1285DD994 /* ios-appTests.xctest */,
				36EF0FD39F236A9DE223914449F299D3 /* ios-appUITests.xctest */,
			);
			name = Products;
			sourceTree = "<group>";
		};
		7206E0E66039A8F4DD540C74A19CADE4 /* Pods */ = {
			isa = PBXGroup;
			children = (
				7155F0AF2F917F34B10454E020C1E03E /* Pods-ios-app.debug.xcconfig */,
				7B7FB9104AE8A001DF3C179095EA76F9 /* Pods-ios-app.release.xcconfig */,
				3C3D8F4835EAA11FD5C32E6F125EF6A5 /* Pods-ios-appTests.debug.xcconfig */,
				0B2669E0AC51EF94156CBA67F82FABE1 /* Pods-ios-appTests.release.xcconfig */,
				013A9B4DE67988F68090F821C40F92E1 /* Pods-ios-appUITests.debug.xcconfig */,
				40B687E7761B32C937C275BE963E3053 /* Pods-ios-appUITests.release.xcconfig */,
			);
			name = Pods;
			sourceTree = "<group>";
		};
		9C3678744F73B3BEDA7AFA6C4BCBEAF3 /* ViewControllers */ = {
			isa = PBXGroup;
			children = (
				A3AC63959F578843C4418011033864EA /* ExpandedSettingsViewControllers */,
				626147F27F3DDAE6969CD5185FC91B66 /* DriveViewController.swift */,
				8C01EA1746B2B84168EF5A0DC378E02C /* SettingsFormViewController.swift */,
				E01B774056617283E4F8DAD7F8198590 /* SettingsViewController.swift */,
				880EB9519B5038CA89CEE75133D7E0B2 /* TabBarViewController.swift */,
				00992823807C74F5E0C484B8117A65A5 /* TripTableViewCell.swift */,
				24409AEF74396A96DB5940F12EF83B3E /* TripsViewController.swift */,
			);
			name = ViewControllers;
			sourceTree = "<group>";
		};
		A3AC63959F578843C4418011033864EA /* ExpandedSettingsViewControllers */ = {
			isa = PBXGroup;
			children = (
				88A97D257E23C80B47B33F6D1A6FB79F /* AboutPrivacyPolicyViewController.swift */,
				88BDCA22BC12CB74F1D0E1752C7646CB /* AboutProgramViewController.swift */,
				0F2737A4A5CAF7E4FDA2994A01F81561 /* AboutViewController.swift */,
			);
			name = ExpandedSettingsViewControllers;
			sourceTree = "<group>";
		};
		E12960067B4BC9046B88D60180D21A75 /* Models */ = {
			isa = PBXGroup;
			children = (
				4AA5C6592E672205AE7042E0E9F73B84 /* BLERouter.swift */,
				7B8B5BC677B1038566550CB03EFFEBB4 /* DB.swift */,
				73A4F260796706653FEDA42C67E4215D /* ProgressHUD.swift */,
				99EC2A94FE8BC24B12B3FABA5691F07D /* master.swift */,
				38F7749561D7A09B9A1E206599842E8E /* seattle.mov */,
			);
			name = Models;
			sourceTree = "<group>";
		};
		FA759E30E710B0DC2A47271BF9DA03F0 /* OnboardingViewControllers */ = {
			isa = PBXGroup;
			children = (
				FDF0DCF6EA7AB223AB3317B56B0B7A9E /* OnboardingAboutViewController.swift */,
				354E5F06A9ED0DFE06BBF8B3F19B8F1F /* OnboardingAccountDetailsViewController.swift */,
				CC0A5586F2B7638A92DC89C91088E985 /* OnboardingEnableFeaturesViewController.swift */,
				F56801B1B6DE73A986B646151F11B371 /* OnboardingNextStepsViewController.swift */,
				726912D30FAE771354D27173DC9E3319 /* OnboardingOBDIIViewController.swift */,
				8D148EF1F5F60A6A173A833C60630772 /* OnboardingTermsViewController.swift */,
				8BE668904159116B8DE719A74826E423 /* OnboardingVehicleFormViewController.swift */,
				43BB7F97B2D9AC3F62F421EF05927DDC /* OnboardingVehicleInputFrameViewController.swift */,
				D44A28D9B88D33F110E14B474EDA94BB /* initialViewController.swift */,
				6E446201498C1AB0DF67DE79DEECFF46 /* signInContainerViewController.swift */,
				212B5F478D766551AB92A3C8AB4808B0 /* signInFormViewController.swift */,
				72162C848D2DB61A577392B1849EB990 /* userRegistrationFormViewController.swift */,
			);
			name = OnboardingViewControllers;
			sourceTree = "<group>";
		};
/* End PBXGroup section */

/* Begin PBXNativeTarget section */
		4B7F7B27DA252087D73087D24E7742BA /* ios-app */ = {
			isa = PBXNativeTarget;
			buildConfigurationList = 2F9E1A6D654345AA3F937EF61F016A7B /* Build configuration list for PBXNativeTarget "ios-app" */;
			buildPhases = (
				DA2E98F4DE765A3952420007BCE792FE /* [CP] Check Pods Manifest.lock */,
				CEF8BF5424B49A2066E34D525CD78C18 /* Sources */,
				8B75BB28CE560DD914CF106EB80DDF11 /* Frameworks */,
				3773F2651ACDC85082C9DCD3A44EEC1A /* Resources */,
				CCD0F365FDEFB098DA4C826029837C60 /* [CP] Embed Pods Frameworks */,
				D29367165ECDA6D424E0F8F5EFCC85A1 /* [CP] Copy Pods Resources */,
			);
			buildRules = (
			);
			dependencies = (
			);
			name = "ios-app";
			productName = "ios-app";
			productReference = 81F6DF939BAEA04952A2FEC910611DF5 /* ios-app.app */;
			productType = "com.apple.product-type.application";
		};
		A26F4000BB5354698DA5E0082DFB9B15 /* ios-appTests */ = {
			isa = PBXNativeTarget;
			buildConfigurationList = 1D44746C52BF209FC17E486A5776ECA5 /* Build configuration list for PBXNativeTarget "ios-appTests" */;
			buildPhases = (
				27FB856DAAAE96B0DF95B3420B31BBA8 /* [CP] Check Pods Manifest.lock */,
				0A80638461FEFF0902538E090A6E8676 /* Sources */,
				1DCE71919BF96772712594B021C007C7 /* Frameworks */,
				3E5FA36539408EDAC8D964824B5005D2 /* Resources */,
				75BFD10F285AF6EB39E17922B21AE738 /* [CP] Embed Pods Frameworks */,
				DE2CD81EC1CD7A652A3425064E9A59B3 /* [CP] Copy Pods Resources */,
			);
			buildRules = (
			);
			dependencies = (
				93FA1F957902958DD1F1E7A1B1580118 /* PBXTargetDependency */,
			);
			name = "ios-appTests";
			productName = "ios-appTests";
			productReference = 53503EBC5433A018AA0C72B1285DD994 /* ios-appTests.xctest */;
			productType = "com.apple.product-type.bundle.unit-test";
		};
		DCE3D13EA371EF6AD388CFC8CC311D1E /* ios-appUITests */ = {
			isa = PBXNativeTarget;
			buildConfigurationList = 3B167824808292000317D0A1414E3F69 /* Build configuration list for PBXNativeTarget "ios-appUITests" */;
			buildPhases = (
				81101E0130C92C69257028CCE7A02D5F /* [CP] Check Pods Manifest.lock */,
				EF9A18A73D670CEDEA0635717CE55D85 /* Sources */,
				B13A04806C6AE5FE4CB5AACBC02EB62D /* Frameworks */,
				5B41C43C9FBCFD4572A0256BD4F3F456 /* Resources */,
				2C5D5C28F8F646971325CA376740A57D /* [CP] Embed Pods Frameworks */,
				52150E084CDFC77056E9D565A6641129 /* [CP] Copy Pods Resources */,
			);
			buildRules = (
			);
			dependencies = (
				A69DF82B5F0BF51E0634BC146F9EB5E2 /* PBXTargetDependency */,
			);
			name = "ios-appUITests";
			productName = "ios-appUITests";
			productReference = 36EF0FD39F236A9DE223914449F299D3 /* ios-appUITests.xctest */;
			productType = "com.apple.product-type.bundle.ui-testing";
		};
/* End PBXNativeTarget section */

/* Begin PBXProject section */
		3D3913682A3EE96A333958CF4B8F0DCC /* Project object */ = {
			isa = PBXProject;
			attributes = {
				LastSwiftUpdateCheck = 0830;
				LastUpgradeCheck = 0830;
				ORGANIZATIONNAME = "Nicholas Nordale";
				TargetAttributes = {
					4B7F7B27DA252087D73087D24E7742BA = {
						CreatedOnToolsVersion = 8.3;
						ProvisioningStyle = Automatic;
					};
					A26F4000BB5354698DA5E0082DFB9B15 = {
						CreatedOnToolsVersion = 8.3;
						DevelopmentTeam = MYKB4J9SMT;
						ProvisioningStyle = Automatic;
						TestTargetID = 4B7F7B27DA252087D73087D24E7742BA;
					};
					DCE3D13EA371EF6AD388CFC8CC311D1E = {
						CreatedOnToolsVersion = 8.3;
						DevelopmentTeam = MYKB4J9SMT;
						ProvisioningStyle = Automatic;
						TestTargetID = 4B7F7B27DA252087D73087D24E7742BA;
					};
				};
			};
			buildConfigurationList = C9C202F931A0296B94C24B8D84DD6EBE /* Build configuration list for PBXProject "ios-app" */;
			compatibilityVersion = "Xcode 3.2";
			developmentRegion = English;
			hasScannedForEncodings = 0;
			knownRegions = (
				en,
				Base,
			);
			mainGroup = 01BCFC7ADE8BB7BB58F934D7DF5CD040;
			productRefGroup = 6C92506499930850E8193E7A651D946D /* Products */;
			projectDirPath = "";
			projectRoot = "";
			targets = (
				4B7F7B27DA252087D73087D24E7742BA /* ios-app */,
				A26F4000BB5354698DA5E0082DFB9B15 /* ios-appTests */,
				DCE3D13EA371EF6AD388CFC8CC311D1E /* ios-appUITests */,
			);
		};
/* End PBXProject section */

/* Begin PBXResourcesBuildPhase section */
		3773F2651ACDC85082C9DCD3A44EEC1A /* Resources */ = {
			isa = PBXResourcesBuildPhase;
			buildActionMask = 2147483647;
			files = (
				06A9BD341A9B549B466826376A3D2413 /* Assets.xcassets in Resources */,
				CE8166C3AFD2F1655EF4F81EEC59D712 /* GoogleService-Info.plist in Resources */,
				C0FC7CE19C27944DDD4C65D4FEC49499 /* LaunchScreen.storyboard in Resources */,
				63701A70CEFD0B5BDAE74604FE4A50A7 /* Main.storyboard in Resources */,
				3859A90E2018A2F372A3A712246F2ED6 /* seattle.mov in Resources */,
			);
			runOnlyForDeploymentPostprocessing = 0;
		};
		3E5FA36539408EDAC8D964824B5005D2 /* Resources */ = {
			isa = PBXResourcesBuildPhase;
			buildActionMask = 2147483647;
			files = (
			);
			runOnlyForDeploymentPostprocessing = 0;
		};
		5B41C43C9FBCFD4572A0256BD4F3F456 /* Resources */ = {
			isa = PBXResourcesBuildPhase;
			buildActionMask = 2147483647;
			files = (
			);
			runOnlyForDeploymentPostprocessing = 0;
		};
/* End PBXResourcesBuildPhase section */

/* Begin PBXShellScriptBuildPhase section */
		27FB856DAAAE96B0DF95B3420B31BBA8 /* [CP] Check Pods Manifest.lock */ = {
			isa = PBXShellScriptBuildPhase;
			buildActionMask = 2147483647;
			files = (
			);
			inputPaths = (
			);
			name = "[CP] Check Pods Manifest.lock";
			outputPaths = (
			);
			runOnlyForDeploymentPostprocessing = 0;
			shellPath = /bin/sh;
			shellScript = "diff \"${PODS_PODFILE_DIR_PATH}/Podfile.lock\" \"${PODS_ROOT}/Manifest.lock\" > /dev/null\nif [ $? != 0 ] ; then\n    # print error to STDERR\n    echo \"error: The sandbox is not in sync with the Podfile.lock. Run 'pod install' or update your CocoaPods installation.\" >&2\n    exit 1\nfi\n";
			showEnvVarsInLog = 0;
		};
		2C5D5C28F8F646971325CA376740A57D /* [CP] Embed Pods Frameworks */ = {
			isa = PBXShellScriptBuildPhase;
			buildActionMask = 2147483647;
			files = (
			);
			inputPaths = (
			);
			name = "[CP] Embed Pods Frameworks";
			outputPaths = (
			);
			runOnlyForDeploymentPostprocessing = 0;
			shellPath = /bin/sh;
			shellScript = "\"${SRCROOT}/Pods/Target Support Files/Pods-ios-appUITests/Pods-ios-appUITests-frameworks.sh\"\n";
			showEnvVarsInLog = 0;
		};
		52150E084CDFC77056E9D565A6641129 /* [CP] Copy Pods Resources */ = {
			isa = PBXShellScriptBuildPhase;
			buildActionMask = 2147483647;
			files = (
			);
			inputPaths = (
			);
			name = "[CP] Copy Pods Resources";
			outputPaths = (
			);
			runOnlyForDeploymentPostprocessing = 0;
			shellPath = /bin/sh;
			shellScript = "\"${SRCROOT}/Pods/Target Support Files/Pods-ios-appUITests/Pods-ios-appUITests-resources.sh\"\n";
			showEnvVarsInLog = 0;
		};
		75BFD10F285AF6EB39E17922B21AE738 /* [CP] Embed Pods Frameworks */ = {
			isa = PBXShellScriptBuildPhase;
			buildActionMask = 2147483647;
			files = (
			);
			inputPaths = (
			);
			name = "[CP] Embed Pods Frameworks";
			outputPaths = (
			);
			runOnlyForDeploymentPostprocessing = 0;
			shellPath = /bin/sh;
			shellScript = "\"${SRCROOT}/Pods/Target Support Files/Pods-ios-appTests/Pods-ios-appTests-frameworks.sh\"\n";
			showEnvVarsInLog = 0;
		};
		81101E0130C92C69257028CCE7A02D5F /* [CP] Check Pods Manifest.lock */ = {
			isa = PBXShellScriptBuildPhase;
			buildActionMask = 2147483647;
			files = (
			);
			inputPaths = (
			);
			name = "[CP] Check Pods Manifest.lock";
			outputPaths = (
			);
			runOnlyForDeploymentPostprocessing = 0;
			shellPath = /bin/sh;
			shellScript = "diff \"${PODS_PODFILE_DIR_PATH}/Podfile.lock\" \"${PODS_ROOT}/Manifest.lock\" > /dev/null\nif [ $? != 0 ] ; then\n    # print error to STDERR\n    echo \"error: The sandbox is not in sync with the Podfile.lock. Run 'pod install' or update your CocoaPods installation.\" >&2\n    exit 1\nfi\n";
			showEnvVarsInLog = 0;
		};
		CCD0F365FDEFB098DA4C826029837C60 /* [CP] Embed Pods Frameworks */ = {
			isa = PBXShellScriptBuildPhase;
			buildActionMask = 2147483647;
			files = (
			);
			inputPaths = (
			);
			name = "[CP] Embed Pods Frameworks";
			outputPaths = (
			);
			runOnlyForDeploymentPostprocessing = 0;
			shellPath = /bin/sh;
			shellScript = "\"${SRCROOT}/Pods/Target Support Files/Pods-ios-app/Pods-ios-app-frameworks.sh\"\n";
			showEnvVarsInLog = 0;
		};
		D29367165ECDA6D424E0F8F5EFCC85A1 /* [CP] Copy Pods Resources */ = {
			isa = PBXShellScriptBuildPhase;
			buildActionMask = 2147483647;
			files = (
			);
			inputPaths = (
			);
			name = "[CP] Copy Pods Resources";
			outputPaths = (
			);
			runOnlyForDeploymentPostprocessing = 0;
			shellPath = /bin/sh;
			shellScript = "\"${SRCROOT}/Pods/Target Support Files/Pods-ios-app/Pods-ios-app-resources.sh\"\n";
			showEnvVarsInLog = 0;
		};
		DA2E98F4DE765A3952420007BCE792FE /* [CP] Check Pods Manifest.lock */ = {
			isa = PBXShellScriptBuildPhase;
			buildActionMask = 2147483647;
			files = (
			);
			inputPaths = (
			);
			name = "[CP] Check Pods Manifest.lock";
			outputPaths = (
			);
			runOnlyForDeploymentPostprocessing = 0;
			shellPath = /bin/sh;
			shellScript = "diff \"${PODS_PODFILE_DIR_PATH}/Podfile.lock\" \"${PODS_ROOT}/Manifest.lock\" > /dev/null\nif [ $? != 0 ] ; then\n    # print error to STDERR\n    echo \"error: The sandbox is not in sync with the Podfile.lock. Run 'pod install' or update your CocoaPods installation.\" >&2\n    exit 1\nfi\n";
			showEnvVarsInLog = 0;
		};
		DE2CD81EC1CD7A652A3425064E9A59B3 /* [CP] Copy Pods Resources */ = {
			isa = PBXShellScriptBuildPhase;
			buildActionMask = 2147483647;
			files = (
			);
			inputPaths = (
			);
			name = "[CP] Copy Pods Resources";
			outputPaths = (
			);
			runOnlyForDeploymentPostprocessing = 0;
			shellPath = /bin/sh;
			shellScript = "\"${SRCROOT}/Pods/Target Support Files/Pods-ios-appTests/Pods-ios-appTests-resources.sh\"\n";
			showEnvVarsInLog = 0;
		};
/* End PBXShellScriptBuildPhase section */

/* Begin PBXSourcesBuildPhase section */
		0A80638461FEFF0902538E090A6E8676 /* Sources */ = {
			isa = PBXSourcesBuildPhase;
			buildActionMask = 2147483647;
			files = (
				38D5CCA17DA10FC2BB5F74A48E6A8A13 /* ios_appTests.swift in Sources */,
			);
			runOnlyForDeploymentPostprocessing = 0;
		};
		CEF8BF5424B49A2066E34D525CD78C18 /* Sources */ = {
			isa = PBXSourcesBuildPhase;
			buildActionMask = 2147483647;
			files = (
				57C6F00F79E5D7281B159D6DCFF3699E /* AboutPrivacyPolicyViewController.swift in Sources */,
				EFF53B31B7887B59E40C987659CF1454 /* AboutProgramViewController.swift in Sources */,
				7B54CA339D30C8697756BB99300E1ACA /* AboutViewController.swift in Sources */,
				63D41EA86ED1CCCE596BD598F48E4A3E /* AppDelegate.swift in Sources */,
				BDA701ECBCC0400339E51B59EB70FFF8 /* BLERouter.swift in Sources */,
				91996BDB2963FBF2FF8EC8E8B8649406 /* DB.swift in Sources */,
				4E0CD37CBC72C156B52DC9628D9E9C56 /* DriveViewController.swift in Sources */,
				8CCBFC4B0280459A31E0445B928B9BEC /* OnboardingAboutViewController.swift in Sources */,
				C62ED54BCF7EC6DD1BAAB340734366AB /* OnboardingAccountDetailsViewController.swift in Sources */,
				E273EC3DEAB56CC0A0BCC3D8B059BA99 /* OnboardingEnableFeaturesViewController.swift in Sources */,
				A73F3F550889FDD784BB1E5A35D0EE75 /* OnboardingNextStepsViewController.swift in Sources */,
				C1BD8E44F38868604C3072654A54CE64 /* OnboardingOBDIIViewController.swift in Sources */,
				8D1B2E3DF83CAF25062D87CD2C1213C6 /* OnboardingTermsViewController.swift in Sources */,
				89C5314C8ACC42F27CDFF82EBDD903E1 /* OnboardingVehicleFormViewController.swift in Sources */,
				1F24C44017B4827B3533A27C30B1D4C7 /* OnboardingVehicleInputFrameViewController.swift in Sources */,
				16FF7BCCC040DBA9854BD3F5B4B7EEE7 /* ProgressHUD.swift in Sources */,
				233DCF1D5EDD9BB12974A644348B0491 /* SettingsFormViewController.swift in Sources */,
				C01E2D6FD39B48F9667FD3FF37276071 /* SettingsViewController.swift in Sources */,
				9344BFC53DD62E2B252A09F182675EE1 /* TabBarViewController.swift in Sources */,
				DF2FC0F47FE27BBE18E0F1AB22F48DFF /* TripTableViewCell.swift in Sources */,
				C29C1A46750FF6CEC150ED6ECEF8DA24 /* TripsViewController.swift in Sources */,
				BA8AD98CA2DFC64E2F586DDDC3C4A58B /* initialViewController.swift in Sources */,
				63254EFE5F3EF2507A91392D2896E9C7 /* ios_app.xcdatamodeld in Sources */,
				A243094A71AA77A242EF8C0948AEFF42 /* master.swift in Sources */,
				31019DBE74EAB2C7E85DEA8167B7BF11 /* signInContainerViewController.swift in Sources */,
				B73D2FAD2D6D9F4CB0D7C76D92288E42 /* signInFormViewController.swift in Sources */,
				971CC6486EAECBE47A3296A67C2B80BA /* userRegistrationFormViewController.swift in Sources */,
			);
			runOnlyForDeploymentPostprocessing = 0;
		};
		EF9A18A73D670CEDEA0635717CE55D85 /* Sources */ = {
			isa = PBXSourcesBuildPhase;
			buildActionMask = 2147483647;
			files = (
				739359C72B85CE07A90DD687ABAC4321 /* ios_appUITests.swift in Sources */,
			);
			runOnlyForDeploymentPostprocessing = 0;
		};
/* End PBXSourcesBuildPhase section */

/* Begin PBXTargetDependency section */
		93FA1F957902958DD1F1E7A1B1580118 /* PBXTargetDependency */ = {
			isa = PBXTargetDependency;
			target = 4B7F7B27DA252087D73087D24E7742BA /* ios-app */;
			targetProxy = DAE185D8E739280EEE76B5FE4C5DE700 /* PBXContainerItemProxy */;
		};
		A69DF82B5F0BF51E0634BC146F9EB5E2 /* PBXTargetDependency */ = {
			isa = PBXTargetDependency;
			target = 4B7F7B27DA252087D73087D24E7742BA /* ios-app */;
			targetProxy = F15D371086188AB84F542092A61BD068 /* PBXContainerItemProxy */;
		};
/* End PBXTargetDependency section */

/* Begin PBXVariantGroup section */
		E1016BC43F87A95FCE9EAB7F978691D6 /* LaunchScreen.storyboard */ = {
			isa = PBXVariantGroup;
			children = (
				35A666A6F093DED3BCAECBD92C8664E7 /* Base */,
			);
			name = LaunchScreen.storyboard;
			sourceTree = "<group>";
		};
/* End PBXVariantGroup section */

/* Begin XCBuildConfiguration section */
		10B2409566C1A94CB7378E826C8DD3B2 /* Release */ = {
			isa = XCBuildConfiguration;
			baseConfigurationReference = 0B2669E0AC51EF94156CBA67F82FABE1 /* Pods-ios-appTests.release.xcconfig */;
			buildSettings = {
				ALWAYS_EMBED_SWIFT_STANDARD_LIBRARIES = YES;
				BUNDLE_LOADER = "$(TEST_HOST)";
				DEVELOPMENT_TEAM = MYKB4J9SMT;
				INFOPLIST_FILE = "ios-appTests/Info.plist";
				LD_RUNPATH_SEARCH_PATHS = "$(inherited) @executable_path/Frameworks @loader_path/Frameworks";
				PRODUCT_BUNDLE_IDENTIFIER = "waruc.ios-appTests";
				PRODUCT_NAME = "$(TARGET_NAME)";
				SWIFT_VERSION = 3.0;
				TEST_HOST = "$(BUILT_PRODUCTS_DIR)/ios-app.app/ios-app";
			};
			name = Release;
		};
		657D9165E387914ACA10AB03BB057F20 /* Debug */ = {
			isa = XCBuildConfiguration;
			baseConfigurationReference = 013A9B4DE67988F68090F821C40F92E1 /* Pods-ios-appUITests.debug.xcconfig */;
			buildSettings = {
				ALWAYS_EMBED_SWIFT_STANDARD_LIBRARIES = YES;
				DEVELOPMENT_TEAM = MYKB4J9SMT;
				INFOPLIST_FILE = "ios-appUITests/Info.plist";
				LD_RUNPATH_SEARCH_PATHS = "$(inherited) @executable_path/Frameworks @loader_path/Frameworks";
				PRODUCT_BUNDLE_IDENTIFIER = "waruc.ios-appUITests";
				PRODUCT_NAME = "$(TARGET_NAME)";
				SWIFT_VERSION = 3.0;
				TEST_TARGET_NAME = "ios-app";
			};
			name = Debug;
		};
		7908E324A1B7DEE5B3104F77C5920C51 /* Debug */ = {
			isa = XCBuildConfiguration;
			baseConfigurationReference = 3C3D8F4835EAA11FD5C32E6F125EF6A5 /* Pods-ios-appTests.debug.xcconfig */;
			buildSettings = {
				ALWAYS_EMBED_SWIFT_STANDARD_LIBRARIES = YES;
				BUNDLE_LOADER = "$(TEST_HOST)";
				DEVELOPMENT_TEAM = MYKB4J9SMT;
				INFOPLIST_FILE = "ios-appTests/Info.plist";
				LD_RUNPATH_SEARCH_PATHS = "$(inherited) @executable_path/Frameworks @loader_path/Frameworks";
				PRODUCT_BUNDLE_IDENTIFIER = "waruc.ios-appTests";
				PRODUCT_NAME = "$(TARGET_NAME)";
				SWIFT_VERSION = 3.0;
				TEST_HOST = "$(BUILT_PRODUCTS_DIR)/ios-app.app/ios-app";
			};
			name = Debug;
		};
		82C6D38FFD7D3F52B068EE48117C711D /* Release */ = {
			isa = XCBuildConfiguration;
			buildSettings = {
				ALWAYS_SEARCH_USER_PATHS = NO;
				CLANG_ANALYZER_NONNULL = YES;
				CLANG_ANALYZER_NUMBER_OBJECT_CONVERSION = YES_AGGRESSIVE;
				CLANG_CXX_LANGUAGE_STANDARD = "gnu++0x";
				CLANG_CXX_LIBRARY = "libc++";
				CLANG_ENABLE_MODULES = YES;
				CLANG_ENABLE_OBJC_ARC = YES;
				CLANG_WARN_BOOL_CONVERSION = YES;
				CLANG_WARN_CONSTANT_CONVERSION = YES;
				CLANG_WARN_DIRECT_OBJC_ISA_USAGE = YES_ERROR;
				CLANG_WARN_DOCUMENTATION_COMMENTS = YES;
				CLANG_WARN_EMPTY_BODY = YES;
				CLANG_WARN_ENUM_CONVERSION = YES;
				CLANG_WARN_INFINITE_RECURSION = YES;
				CLANG_WARN_INT_CONVERSION = YES;
				CLANG_WARN_OBJC_ROOT_CLASS = YES_ERROR;
				CLANG_WARN_SUSPICIOUS_MOVE = YES;
				CLANG_WARN_UNREACHABLE_CODE = YES;
				CLANG_WARN__DUPLICATE_METHOD_MATCH = YES;
				"CODE_SIGN_IDENTITY[sdk=iphoneos*]" = "iPhone Developer";
				COPY_PHASE_STRIP = NO;
				DEBUG_INFORMATION_FORMAT = "dwarf-with-dsym";
				ENABLE_NS_ASSERTIONS = NO;
				ENABLE_STRICT_OBJC_MSGSEND = YES;
				GCC_C_LANGUAGE_STANDARD = gnu99;
				GCC_NO_COMMON_BLOCKS = YES;
				GCC_WARN_64_TO_32_BIT_CONVERSION = YES;
				GCC_WARN_ABOUT_RETURN_TYPE = YES_ERROR;
				GCC_WARN_UNDECLARED_SELECTOR = YES;
				GCC_WARN_UNINITIALIZED_AUTOS = YES_AGGRESSIVE;
				GCC_WARN_UNUSED_FUNCTION = YES;
				GCC_WARN_UNUSED_VARIABLE = YES;
				IPHONEOS_DEPLOYMENT_TARGET = 10.2;
				MTL_ENABLE_DEBUG_INFO = NO;
				SDKROOT = iphoneos;
				SWIFT_OPTIMIZATION_LEVEL = "-Owholemodule";
				TARGETED_DEVICE_FAMILY = "1,2";
				VALIDATE_PRODUCT = YES;
			};
			name = Release;
		};
		A39BBBD032FABFB43682078C45480271 /* Debug */ = {
			isa = XCBuildConfiguration;
			baseConfigurationReference = 7155F0AF2F917F34B10454E020C1E03E /* Pods-ios-app.debug.xcconfig */;
			buildSettings = {
				ASSETCATALOG_COMPILER_APPICON_NAME = AppIcon;
				DEVELOPMENT_TEAM = "";
				INFOPLIST_FILE = "ios-app/Info.plist";
				IPHONEOS_DEPLOYMENT_TARGET = 10.2;
				LD_RUNPATH_SEARCH_PATHS = "$(inherited) @executable_path/Frameworks";
				PRODUCT_BUNDLE_IDENTIFIER = com.waruc;
				PRODUCT_NAME = "$(TARGET_NAME)";
				SWIFT_VERSION = 3.0;
			};
			name = Debug;
		};
		C2F3E5FA2E064B7DAD3B2D7C53CD43AB /* Debug */ = {
			isa = XCBuildConfiguration;
			buildSettings = {
				ALWAYS_SEARCH_USER_PATHS = NO;
				CLANG_ANALYZER_NONNULL = YES;
				CLANG_ANALYZER_NUMBER_OBJECT_CONVERSION = YES_AGGRESSIVE;
				CLANG_CXX_LANGUAGE_STANDARD = "gnu++0x";
				CLANG_CXX_LIBRARY = "libc++";
				CLANG_ENABLE_MODULES = YES;
				CLANG_ENABLE_OBJC_ARC = YES;
				CLANG_WARN_BOOL_CONVERSION = YES;
				CLANG_WARN_CONSTANT_CONVERSION = YES;
				CLANG_WARN_DIRECT_OBJC_ISA_USAGE = YES_ERROR;
				CLANG_WARN_DOCUMENTATION_COMMENTS = YES;
				CLANG_WARN_EMPTY_BODY = YES;
				CLANG_WARN_ENUM_CONVERSION = YES;
				CLANG_WARN_INFINITE_RECURSION = YES;
				CLANG_WARN_INT_CONVERSION = YES;
				CLANG_WARN_OBJC_ROOT_CLASS = YES_ERROR;
				CLANG_WARN_SUSPICIOUS_MOVE = YES;
				CLANG_WARN_UNREACHABLE_CODE = YES;
				CLANG_WARN__DUPLICATE_METHOD_MATCH = YES;
				"CODE_SIGN_IDENTITY[sdk=iphoneos*]" = "iPhone Developer";
				COPY_PHASE_STRIP = NO;
				DEBUG_INFORMATION_FORMAT = dwarf;
				ENABLE_STRICT_OBJC_MSGSEND = YES;
				ENABLE_TESTABILITY = YES;
				GCC_C_LANGUAGE_STANDARD = gnu99;
				GCC_DYNAMIC_NO_PIC = NO;
				GCC_NO_COMMON_BLOCKS = YES;
				GCC_OPTIMIZATION_LEVEL = 0;
				GCC_PREPROCESSOR_DEFINITIONS = (
					"DEBUG=1",
					"$(inherited)",
				);
				GCC_WARN_64_TO_32_BIT_CONVERSION = YES;
				GCC_WARN_ABOUT_RETURN_TYPE = YES_ERROR;
				GCC_WARN_UNDECLARED_SELECTOR = YES;
				GCC_WARN_UNINITIALIZED_AUTOS = YES_AGGRESSIVE;
				GCC_WARN_UNUSED_FUNCTION = YES;
				GCC_WARN_UNUSED_VARIABLE = YES;
				IPHONEOS_DEPLOYMENT_TARGET = 10.2;
				MTL_ENABLE_DEBUG_INFO = YES;
				ONLY_ACTIVE_ARCH = YES;
				SDKROOT = iphoneos;
				SWIFT_ACTIVE_COMPILATION_CONDITIONS = DEBUG;
				SWIFT_OPTIMIZATION_LEVEL = "-Onone";
				TARGETED_DEVICE_FAMILY = "1,2";
			};
			name = Debug;
		};
		CBB84CD36F28679C9B4890DCCBB0C55D /* Release */ = {
			isa = XCBuildConfiguration;
			baseConfigurationReference = 7B7FB9104AE8A001DF3C179095EA76F9 /* Pods-ios-app.release.xcconfig */;
			buildSettings = {
				ASSETCATALOG_COMPILER_APPICON_NAME = AppIcon;
				DEVELOPMENT_TEAM = "";
				INFOPLIST_FILE = "ios-app/Info.plist";
				IPHONEOS_DEPLOYMENT_TARGET = 10.2;
				LD_RUNPATH_SEARCH_PATHS = "$(inherited) @executable_path/Frameworks";
				PRODUCT_BUNDLE_IDENTIFIER = com.waruc;
				PRODUCT_NAME = "$(TARGET_NAME)";
				SWIFT_VERSION = 3.0;
			};
			name = Release;
		};
		FF7D81EE5AB26BB024679BFFE203111D /* Release */ = {
			isa = XCBuildConfiguration;
			baseConfigurationReference = 40B687E7761B32C937C275BE963E3053 /* Pods-ios-appUITests.release.xcconfig */;
			buildSettings = {
				ALWAYS_EMBED_SWIFT_STANDARD_LIBRARIES = YES;
				DEVELOPMENT_TEAM = MYKB4J9SMT;
				INFOPLIST_FILE = "ios-appUITests/Info.plist";
				LD_RUNPATH_SEARCH_PATHS = "$(inherited) @executable_path/Frameworks @loader_path/Frameworks";
				PRODUCT_BUNDLE_IDENTIFIER = "waruc.ios-appUITests";
				PRODUCT_NAME = "$(TARGET_NAME)";
				SWIFT_VERSION = 3.0;
				TEST_TARGET_NAME = "ios-app";
			};
			name = Release;
		};
/* End XCBuildConfiguration section */

/* Begin XCConfigurationList section */
		1D44746C52BF209FC17E486A5776ECA5 /* Build configuration list for PBXNativeTarget "ios-appTests" */ = {
			isa = XCConfigurationList;
			buildConfigurations = (
				7908E324A1B7DEE5B3104F77C5920C51 /* Debug */,
				10B2409566C1A94CB7378E826C8DD3B2 /* Release */,
			);
			defaultConfigurationIsVisible = 0;
			defaultConfigurationName = Release;
		};
		2F9E1A6D654345AA3F937EF61F016A7B /* Build configuration list for PBXNativeTarget "ios-app" */ = {
			isa = XCConfigurationList;
			buildConfigurations = (
				A39BBBD032FABFB43682078C45480271 /* Debug */,
				CBB84CD36F28679C9B4890DCCBB0C55D /* Release */,
			);
			defaultConfigurationIsVisible = 0;
			defaultConfigurationName = Release;
		};
		3B167824808292000317D0A1414E3F69 /* Build configuration list for PBXNativeTarget "ios-appUITests" */ = {
			isa = XCConfigurationList;
			buildConfigurations = (
				657D9165E387914ACA10AB03BB057F20 /* Debug */,
				FF7D81EE5AB26BB024679BFFE203111D /* Release */,
			);
			defaultConfigurationIsVisible = 0;
			defaultConfigurationName = Release;
		};
		C9C202F931A0296B94C24B8D84DD6EBE /* Build configuration list for PBXProject "ios-app" */ = {
			isa = XCConfigurationList;
			buildConfigurations = (
				C2F3E5FA2E064B7DAD3B2D7C53CD43AB /* Debug */,
				82C6D38FFD7D3F52B068EE48117C711D /* Release */,
			);
			defaultConfigurationIsVisible = 0;
			defaultConfigurationName = Release;
		};
/* End XCConfigurationList section */

/* Begin XCVersionGroup section */
		B7C665298DB176695132B2F26FA1F9E6 /* ios_app.xcdatamodeld */ = {
			isa = XCVersionGroup;
			children = (
				578289527F9714E0BB9D02424C1DA42F /* ios_app.xcdatamodel */,
			);
			currentVersion = 578289527F9714E0BB9D02424C1DA42F /* ios_app.xcdatamodel */;
			path = ios_app.xcdatamodeld;
			sourceTree = "<group>";
			versionGroupType = wrapper.xcdatamodel;
		};
/* End XCVersionGroup section */
	};
	rootObject = 3D3913682A3EE96A333958CF4B8F0DCC /* Project object */;
}
