// !$*UTF8*$!
{
	archiveVersion = 1;
	classes = {
	};
	objectVersion = 46;
	objects = {

/* Begin PBXBuildFile section */
		06A9BD341A9B549B466826376A3D2413 /* Assets.xcassets in Resources */ = {isa = PBXBuildFile; fileRef = 8D958D0625B33CA4F5B9E3B52D63A36B /* Assets.xcassets */; };
		0802DA18B35A84BA56A7057A /* Pods_ios_app.framework in Frameworks */ = {isa = PBXBuildFile; fileRef = 6AFB18B80651F7E741CFF451 /* Pods_ios_app.framework */; };
		3270F0BA2DB89E2FC731FFC0E9742000 /* Main.storyboard in Resources */ = {isa = PBXBuildFile; fileRef = 8B59706C944B9BFCB129977268D9F82D /* Main.storyboard */; };
		38D5CCA17DA10FC2BB5F74A48E6A8A13 /* ios_appTests.swift in Sources */ = {isa = PBXBuildFile; fileRef = 83E36859A2066CF7E2A4E86B5C221357 /* ios_appTests.swift */; };
		63254EFE5F3EF2507A91392D2896E9C7 /* ios_app.xcdatamodeld in Sources */ = {isa = PBXBuildFile; fileRef = B7C665298DB176695132B2F26FA1F9E6 /* ios_app.xcdatamodeld */; };
		63D41EA86ED1CCCE596BD598F48E4A3E /* AppDelegate.swift in Sources */ = {isa = PBXBuildFile; fileRef = CD4723942D8C35A66482A93661B91F5F /* AppDelegate.swift */; };
		65800424BC4960FD24521EBFEE7E07C1 /* LaunchScreen.storyboard in Resources */ = {isa = PBXBuildFile; fileRef = 310A98B6D9A1D63714EED01519D53367 /* LaunchScreen.storyboard */; };
		6758B89C58E917065AB65487 /* Pods_ios_appUITests.framework in Frameworks */ = {isa = PBXBuildFile; fileRef = 918D137FAF815A03D08FACD2 /* Pods_ios_appUITests.framework */; };
		6D7ED0920C229D6593BBF21441840520 /* ViewController.swift in Sources */ = {isa = PBXBuildFile; fileRef = 8B48C292DC7AD4ECA3079159D9C12B73 /* ViewController.swift */; };
		6E1DBFF31E986A2900E29C42 /* ProfileViewController.swift in Sources */ = {isa = PBXBuildFile; fileRef = 6E1DBFF11E986A2800E29C42 /* ProfileViewController.swift */; };
		6E1DBFF41E986A2900E29C42 /* ProfileViewController.xib in Resources */ = {isa = PBXBuildFile; fileRef = 6E1DBFF21E986A2800E29C42 /* ProfileViewController.xib */; };
		6E1DBFF71E986EA200E29C42 /* HomeViewController.swift in Sources */ = {isa = PBXBuildFile; fileRef = 6E1DBFF51E986EA200E29C42 /* HomeViewController.swift */; };
		6E1DBFF81E986EA200E29C42 /* HomeViewController.xib in Resources */ = {isa = PBXBuildFile; fileRef = 6E1DBFF61E986EA200E29C42 /* HomeViewController.xib */; };
		6E1DBFFB1E986ED900E29C42 /* SettingsViewController.swift in Sources */ = {isa = PBXBuildFile; fileRef = 6E1DBFF91E986ED900E29C42 /* SettingsViewController.swift */; };
		6E1DBFFC1E986ED900E29C42 /* SettingsViewController.xib in Resources */ = {isa = PBXBuildFile; fileRef = 6E1DBFFA1E986ED900E29C42 /* SettingsViewController.xib */; };
		739359C72B85CE07A90DD687ABAC4321 /* ios_appUITests.swift in Sources */ = {isa = PBXBuildFile; fileRef = A5A29964B8F0B4C2F0A0FF7EA8C97BC6 /* ios_appUITests.swift */; };
		8CB62FE2D9ABB7DA9F53EC39 /* Pods_ios_appTests.framework in Frameworks */ = {isa = PBXBuildFile; fileRef = B4D956C7BCCEE0A3FA588490 /* Pods_ios_appTests.framework */; };
/* End PBXBuildFile section */

/* Begin PBXContainerItemProxy section */
		DAE185D8E739280EEE76B5FE4C5DE700 /* PBXContainerItemProxy */ = {
			isa = PBXContainerItemProxy;
			containerPortal = 3D3913682A3EE96A333958CF4B8F0DCC /* Project object */;
			proxyType = 1;
			remoteGlobalIDString = 4B7F7B27DA252087D73087D24E7742BA;
			remoteInfo = "ios-app";
		};
		F15D371086188AB84F542092A61BD068 /* PBXContainerItemProxy */ = {
			isa = PBXContainerItemProxy;
			containerPortal = 3D3913682A3EE96A333958CF4B8F0DCC /* Project object */;
			proxyType = 1;
			remoteGlobalIDString = 4B7F7B27DA252087D73087D24E7742BA;
			remoteInfo = "ios-app";
		};
/* End PBXContainerItemProxy section */

/* Begin PBXFileReference section */
		04463F2D97CA9590A640DA927C56ACE9 /* Base */ = {isa = PBXFileReference; lastKnownFileType = file.storyboard; name = Base; path = Base.lproj/Main.storyboard; sourceTree = "<group>"; };
		08899C3F8A4DC92BBE8E1BFD /* Pods-ios-app.release.xcconfig */ = {isa = PBXFileReference; includeInIndex = 1; lastKnownFileType = text.xcconfig; name = "Pods-ios-app.release.xcconfig"; path = "Pods/Target Support Files/Pods-ios-app/Pods-ios-app.release.xcconfig"; sourceTree = "<group>"; };
		1C382CED79453FBA8144FB1EFAD89693 /* Info.plist */ = {isa = PBXFileReference; lastKnownFileType = text.plist.xml; path = Info.plist; sourceTree = "<group>"; };
		1D358B68937430DB9EBF3C50 /* Pods-ios-appTests.release.xcconfig */ = {isa = PBXFileReference; includeInIndex = 1; lastKnownFileType = text.xcconfig; name = "Pods-ios-appTests.release.xcconfig"; path = "Pods/Target Support Files/Pods-ios-appTests/Pods-ios-appTests.release.xcconfig"; sourceTree = "<group>"; };
		201C661BD0587870A5A06352 /* Pods-ios-appTests.debug.xcconfig */ = {isa = PBXFileReference; includeInIndex = 1; lastKnownFileType = text.xcconfig; name = "Pods-ios-appTests.debug.xcconfig"; path = "Pods/Target Support Files/Pods-ios-appTests/Pods-ios-appTests.debug.xcconfig"; sourceTree = "<group>"; };
		3305255BB889E3EE7EE20FF3E663EF64 /* Info.plist */ = {isa = PBXFileReference; lastKnownFileType = text.plist.xml; path = Info.plist; sourceTree = "<group>"; };
		36EF0FD39F236A9DE223914449F299D3 /* ios-appUITests.xctest */ = {isa = PBXFileReference; explicitFileType = wrapper.cfbundle; includeInIndex = 0; path = "ios-appUITests.xctest"; sourceTree = BUILT_PRODUCTS_DIR; };
		4B26C7AFBA8A8640A2D6E114 /* Pods-ios-appUITests.debug.xcconfig */ = {isa = PBXFileReference; includeInIndex = 1; lastKnownFileType = text.xcconfig; name = "Pods-ios-appUITests.debug.xcconfig"; path = "Pods/Target Support Files/Pods-ios-appUITests/Pods-ios-appUITests.debug.xcconfig"; sourceTree = "<group>"; };
		53503EBC5433A018AA0C72B1285DD994 /* ios-appTests.xctest */ = {isa = PBXFileReference; explicitFileType = wrapper.cfbundle; includeInIndex = 0; path = "ios-appTests.xctest"; sourceTree = BUILT_PRODUCTS_DIR; };
		578289527F9714E0BB9D02424C1DA42F /* ios_app.xcdatamodel */ = {isa = PBXFileReference; lastKnownFileType = wrapper.xcdatamodel; path = ios_app.xcdatamodel; sourceTree = "<group>"; };
		6AFB18B80651F7E741CFF451 /* Pods_ios_app.framework */ = {isa = PBXFileReference; explicitFileType = wrapper.framework; includeInIndex = 0; path = Pods_ios_app.framework; sourceTree = BUILT_PRODUCTS_DIR; };
		6E1DBFF11E986A2800E29C42 /* ProfileViewController.swift */ = {isa = PBXFileReference; fileEncoding = 4; lastKnownFileType = sourcecode.swift; path = ProfileViewController.swift; sourceTree = "<group>"; };
		6E1DBFF21E986A2800E29C42 /* ProfileViewController.xib */ = {isa = PBXFileReference; fileEncoding = 4; lastKnownFileType = file.xib; path = ProfileViewController.xib; sourceTree = "<group>"; };
		6E1DBFF51E986EA200E29C42 /* HomeViewController.swift */ = {isa = PBXFileReference; fileEncoding = 4; lastKnownFileType = sourcecode.swift; path = HomeViewController.swift; sourceTree = "<group>"; };
		6E1DBFF61E986EA200E29C42 /* HomeViewController.xib */ = {isa = PBXFileReference; fileEncoding = 4; lastKnownFileType = file.xib; path = HomeViewController.xib; sourceTree = "<group>"; };
		6E1DBFF91E986ED900E29C42 /* SettingsViewController.swift */ = {isa = PBXFileReference; fileEncoding = 4; lastKnownFileType = sourcecode.swift; path = SettingsViewController.swift; sourceTree = "<group>"; };
		6E1DBFFA1E986ED900E29C42 /* SettingsViewController.xib */ = {isa = PBXFileReference; fileEncoding = 4; lastKnownFileType = file.xib; path = SettingsViewController.xib; sourceTree = "<group>"; };
		795BECD3F7BDDC7A07BAB855 /* Pods-ios-app.debug.xcconfig */ = {isa = PBXFileReference; includeInIndex = 1; lastKnownFileType = text.xcconfig; name = "Pods-ios-app.debug.xcconfig"; path = "Pods/Target Support Files/Pods-ios-app/Pods-ios-app.debug.xcconfig"; sourceTree = "<group>"; };
		81F6DF939BAEA04952A2FEC910611DF5 /* ios-app.app */ = {isa = PBXFileReference; explicitFileType = wrapper.application; includeInIndex = 0; path = "ios-app.app"; sourceTree = BUILT_PRODUCTS_DIR; };
		83E36859A2066CF7E2A4E86B5C221357 /* ios_appTests.swift */ = {isa = PBXFileReference; lastKnownFileType = sourcecode.swift; path = ios_appTests.swift; sourceTree = "<group>"; };
		8710DDC32823684C1D4CA66F /* Pods-ios-appUITests.release.xcconfig */ = {isa = PBXFileReference; includeInIndex = 1; lastKnownFileType = text.xcconfig; name = "Pods-ios-appUITests.release.xcconfig"; path = "Pods/Target Support Files/Pods-ios-appUITests/Pods-ios-appUITests.release.xcconfig"; sourceTree = "<group>"; };
		8B48C292DC7AD4ECA3079159D9C12B73 /* ViewController.swift */ = {isa = PBXFileReference; lastKnownFileType = sourcecode.swift; path = ViewController.swift; sourceTree = "<group>"; };
		8D958D0625B33CA4F5B9E3B52D63A36B /* Assets.xcassets */ = {isa = PBXFileReference; lastKnownFileType = folder.assetcatalog; path = Assets.xcassets; sourceTree = "<group>"; };
		90546E978362BDA71A6885D2D3A81A98 /* Base */ = {isa = PBXFileReference; lastKnownFileType = file.storyboard; name = Base; path = Base.lproj/LaunchScreen.storyboard; sourceTree = "<group>"; };
		918D137FAF815A03D08FACD2 /* Pods_ios_appUITests.framework */ = {isa = PBXFileReference; explicitFileType = wrapper.framework; includeInIndex = 0; path = Pods_ios_appUITests.framework; sourceTree = BUILT_PRODUCTS_DIR; };
		A5A29964B8F0B4C2F0A0FF7EA8C97BC6 /* ios_appUITests.swift */ = {isa = PBXFileReference; lastKnownFileType = sourcecode.swift; path = ios_appUITests.swift; sourceTree = "<group>"; };
		B4D956C7BCCEE0A3FA588490 /* Pods_ios_appTests.framework */ = {isa = PBXFileReference; explicitFileType = wrapper.framework; includeInIndex = 0; path = Pods_ios_appTests.framework; sourceTree = BUILT_PRODUCTS_DIR; };
		CD4723942D8C35A66482A93661B91F5F /* AppDelegate.swift */ = {isa = PBXFileReference; lastKnownFileType = sourcecode.swift; path = AppDelegate.swift; sourceTree = "<group>"; };
		FD4BECC19EFB2E7BB06F244D3954808B /* Info.plist */ = {isa = PBXFileReference; lastKnownFileType = text.plist.xml; path = Info.plist; sourceTree = "<group>"; };
/* End PBXFileReference section */

/* Begin PBXFrameworksBuildPhase section */
		1DCE71919BF96772712594B021C007C7 /* Frameworks */ = {
			isa = PBXFrameworksBuildPhase;
			buildActionMask = 2147483647;
			files = (
				8CB62FE2D9ABB7DA9F53EC39 /* Pods_ios_appTests.framework in Frameworks */,
			);
			runOnlyForDeploymentPostprocessing = 0;
		};
		8B75BB28CE560DD914CF106EB80DDF11 /* Frameworks */ = {
			isa = PBXFrameworksBuildPhase;
			buildActionMask = 2147483647;
			files = (
				0802DA18B35A84BA56A7057A /* Pods_ios_app.framework in Frameworks */,
			);
			runOnlyForDeploymentPostprocessing = 0;
		};
		B13A04806C6AE5FE4CB5AACBC02EB62D /* Frameworks */ = {
			isa = PBXFrameworksBuildPhase;
			buildActionMask = 2147483647;
			files = (
				6758B89C58E917065AB65487 /* Pods_ios_appUITests.framework in Frameworks */,
			);
			runOnlyForDeploymentPostprocessing = 0;
		};
/* End PBXFrameworksBuildPhase section */

/* Begin PBXGroup section */
		017A04A570ED0CAAA1AAA30768595F07 /* ios-appTests */ = {
			isa = PBXGroup;
			children = (
				FD4BECC19EFB2E7BB06F244D3954808B /* Info.plist */,
				83E36859A2066CF7E2A4E86B5C221357 /* ios_appTests.swift */,
			);
			path = "ios-appTests";
			sourceTree = "<group>";
		};
		01BCFC7ADE8BB7BB58F934D7DF5CD040 = {
			isa = PBXGroup;
			children = (
				6C92506499930850E8193E7A651D946D /* Products */,
				4D2AB937E412FDB73D141FD1F00BF152 /* ios-app */,
				017A04A570ED0CAAA1AAA30768595F07 /* ios-appTests */,
				30281A23B2132A503D8EAD7417366EAB /* ios-appUITests */,
				B73C30D975AB91CC6C28AACB /* Pods */,
				2E33C97FB95E71BD94A501FB /* Frameworks */,
			);
			sourceTree = "<group>";
		};
		2E33C97FB95E71BD94A501FB /* Frameworks */ = {
			isa = PBXGroup;
			children = (
				6AFB18B80651F7E741CFF451 /* Pods_ios_app.framework */,
				B4D956C7BCCEE0A3FA588490 /* Pods_ios_appTests.framework */,
				918D137FAF815A03D08FACD2 /* Pods_ios_appUITests.framework */,
			);
			name = Frameworks;
			sourceTree = "<group>";
		};
		30281A23B2132A503D8EAD7417366EAB /* ios-appUITests */ = {
			isa = PBXGroup;
			children = (
				1C382CED79453FBA8144FB1EFAD89693 /* Info.plist */,
				A5A29964B8F0B4C2F0A0FF7EA8C97BC6 /* ios_appUITests.swift */,
			);
			path = "ios-appUITests";
			sourceTree = "<group>";
		};
		4D2AB937E412FDB73D141FD1F00BF152 /* ios-app */ = {
			isa = PBXGroup;
			children = (
				CD4723942D8C35A66482A93661B91F5F /* AppDelegate.swift */,
				8B48C292DC7AD4ECA3079159D9C12B73 /* ViewController.swift */,
				8D958D0625B33CA4F5B9E3B52D63A36B /* Assets.xcassets */,
				3305255BB889E3EE7EE20FF3E663EF64 /* Info.plist */,
				310A98B6D9A1D63714EED01519D53367 /* LaunchScreen.storyboard */,
				8B59706C944B9BFCB129977268D9F82D /* Main.storyboard */,
				B7C665298DB176695132B2F26FA1F9E6 /* ios_app.xcdatamodeld */,
				6E6FF06C1E99B6F7002D67E7 /* ViewControllers */,
				6E1DBFFD1E986EEA00E29C42 /* Views */,
			);
			path = "ios-app";
			sourceTree = "<group>";
		};
		6C92506499930850E8193E7A651D946D /* Products */ = {
			isa = PBXGroup;
			children = (
				81F6DF939BAEA04952A2FEC910611DF5 /* ios-app.app */,
				53503EBC5433A018AA0C72B1285DD994 /* ios-appTests.xctest */,
				36EF0FD39F236A9DE223914449F299D3 /* ios-appUITests.xctest */,
			);
			name = Products;
			sourceTree = "<group>";
		};
		6E1DBFFD1E986EEA00E29C42 /* Views */ = {
			isa = PBXGroup;
			children = (
				6E1DBFF21E986A2800E29C42 /* ProfileViewController.xib */,
				6E1DBFF61E986EA200E29C42 /* HomeViewController.xib */,
				6E1DBFFA1E986ED900E29C42 /* SettingsViewController.xib */,
			);
			name = Views;
			sourceTree = "<group>";
		};
		6E6FF06C1E99B6F7002D67E7 /* ViewControllers */ = {
			isa = PBXGroup;
			children = (
				6E1DBFF11E986A2800E29C42 /* ProfileViewController.swift */,
				6E1DBFF51E986EA200E29C42 /* HomeViewController.swift */,
				6E1DBFF91E986ED900E29C42 /* SettingsViewController.swift */,
			);
			name = ViewControllers;
			sourceTree = "<group>";
		};
		B73C30D975AB91CC6C28AACB /* Pods */ = {
			isa = PBXGroup;
			children = (
				795BECD3F7BDDC7A07BAB855 /* Pods-ios-app.debug.xcconfig */,
				08899C3F8A4DC92BBE8E1BFD /* Pods-ios-app.release.xcconfig */,
				201C661BD0587870A5A06352 /* Pods-ios-appTests.debug.xcconfig */,
				1D358B68937430DB9EBF3C50 /* Pods-ios-appTests.release.xcconfig */,
				4B26C7AFBA8A8640A2D6E114 /* Pods-ios-appUITests.debug.xcconfig */,
				8710DDC32823684C1D4CA66F /* Pods-ios-appUITests.release.xcconfig */,
			);
			name = Pods;
			sourceTree = "<group>";
		};
/* End PBXGroup section */

/* Begin PBXNativeTarget section */
		4B7F7B27DA252087D73087D24E7742BA /* ios-app */ = {
			isa = PBXNativeTarget;
			buildConfigurationList = 097C097B52E6D91C229C86B3B2CBE9AE /* Build configuration list for PBXNativeTarget "ios-app" */;
			buildPhases = (
				AE0F8A4CC58E75A8CC582AE3 /* [CP] Check Pods Manifest.lock */,
				CEF8BF5424B49A2066E34D525CD78C18 /* Sources */,
				8B75BB28CE560DD914CF106EB80DDF11 /* Frameworks */,
				3773F2651ACDC85082C9DCD3A44EEC1A /* Resources */,
				570D6454E2BBE3654060CECD /* [CP] Embed Pods Frameworks */,
				B9AA5B41E3382ED1B96021FA /* [CP] Copy Pods Resources */,
			);
			buildRules = (
			);
			dependencies = (
			);
			name = "ios-app";
			productName = "ios-app";
			productReference = 81F6DF939BAEA04952A2FEC910611DF5 /* ios-app.app */;
			productType = "com.apple.product-type.application";
		};
		A26F4000BB5354698DA5E0082DFB9B15 /* ios-appTests */ = {
			isa = PBXNativeTarget;
			buildConfigurationList = E9472F8A753B05901DCB8B85BB166348 /* Build configuration list for PBXNativeTarget "ios-appTests" */;
			buildPhases = (
				076B6DEDB908E5AE24A4CFE1 /* [CP] Check Pods Manifest.lock */,
				0A80638461FEFF0902538E090A6E8676 /* Sources */,
				1DCE71919BF96772712594B021C007C7 /* Frameworks */,
				3E5FA36539408EDAC8D964824B5005D2 /* Resources */,
				D660BA4CDA440D5F7586ED86 /* [CP] Embed Pods Frameworks */,
				ACFEA87F1E3DBB399AC95AE5 /* [CP] Copy Pods Resources */,
			);
			buildRules = (
			);
			dependencies = (
				93FA1F957902958DD1F1E7A1B1580118 /* PBXTargetDependency */,
			);
			name = "ios-appTests";
			productName = "ios-appTests";
			productReference = 53503EBC5433A018AA0C72B1285DD994 /* ios-appTests.xctest */;
			productType = "com.apple.product-type.bundle.unit-test";
		};
		DCE3D13EA371EF6AD388CFC8CC311D1E /* ios-appUITests */ = {
			isa = PBXNativeTarget;
			buildConfigurationList = E2D161B460DC00C9530CB8E331F68CAD /* Build configuration list for PBXNativeTarget "ios-appUITests" */;
			buildPhases = (
				AFC863F02A3730F1D8A406BE /* [CP] Check Pods Manifest.lock */,
				EF9A18A73D670CEDEA0635717CE55D85 /* Sources */,
				B13A04806C6AE5FE4CB5AACBC02EB62D /* Frameworks */,
				5B41C43C9FBCFD4572A0256BD4F3F456 /* Resources */,
				47C8EE149CE46E1477768A4D /* [CP] Embed Pods Frameworks */,
				C0DCF5EBE358BD381D088C40 /* [CP] Copy Pods Resources */,
			);
			buildRules = (
			);
			dependencies = (
				A69DF82B5F0BF51E0634BC146F9EB5E2 /* PBXTargetDependency */,
			);
			name = "ios-appUITests";
			productName = "ios-appUITests";
			productReference = 36EF0FD39F236A9DE223914449F299D3 /* ios-appUITests.xctest */;
			productType = "com.apple.product-type.bundle.ui-testing";
		};
/* End PBXNativeTarget section */

/* Begin PBXProject section */
		3D3913682A3EE96A333958CF4B8F0DCC /* Project object */ = {
			isa = PBXProject;
			attributes = {
				LastSwiftUpdateCheck = 0830;
				LastUpgradeCheck = 0830;
				ORGANIZATIONNAME = "Nicholas Nordale";
				TargetAttributes = {
					4B7F7B27DA252087D73087D24E7742BA = {
						CreatedOnToolsVersion = 8.3;
						DevelopmentTeam = K75D96Y95K;
						ProvisioningStyle = Automatic;
					};
					A26F4000BB5354698DA5E0082DFB9B15 = {
						CreatedOnToolsVersion = 8.3;
						DevelopmentTeam = MYKB4J9SMT;
						ProvisioningStyle = Automatic;
						TestTargetID = 4B7F7B27DA252087D73087D24E7742BA;
					};
					DCE3D13EA371EF6AD388CFC8CC311D1E = {
						CreatedOnToolsVersion = 8.3;
						DevelopmentTeam = MYKB4J9SMT;
						ProvisioningStyle = Automatic;
						TestTargetID = 4B7F7B27DA252087D73087D24E7742BA;
					};
				};
			};
			buildConfigurationList = C9C202F931A0296B94C24B8D84DD6EBE /* Build configuration list for PBXProject "ios-app" */;
			compatibilityVersion = "Xcode 3.2";
			developmentRegion = English;
			hasScannedForEncodings = 0;
			knownRegions = (
				en,
				Base,
			);
			mainGroup = 01BCFC7ADE8BB7BB58F934D7DF5CD040;
			productRefGroup = 6C92506499930850E8193E7A651D946D /* Products */;
			projectDirPath = "";
			projectRoot = "";
			targets = (
				4B7F7B27DA252087D73087D24E7742BA /* ios-app */,
				A26F4000BB5354698DA5E0082DFB9B15 /* ios-appTests */,
				DCE3D13EA371EF6AD388CFC8CC311D1E /* ios-appUITests */,
			);
		};
/* End PBXProject section */

/* Begin PBXResourcesBuildPhase section */
		3773F2651ACDC85082C9DCD3A44EEC1A /* Resources */ = {
			isa = PBXResourcesBuildPhase;
			buildActionMask = 2147483647;
			files = (
				06A9BD341A9B549B466826376A3D2413 /* Assets.xcassets in Resources */,
				6E1DBFFC1E986ED900E29C42 /* SettingsViewController.xib in Resources */,
				65800424BC4960FD24521EBFEE7E07C1 /* LaunchScreen.storyboard in Resources */,
				6E1DBFF81E986EA200E29C42 /* HomeViewController.xib in Resources */,
				6E1DBFF41E986A2900E29C42 /* ProfileViewController.xib in Resources */,
				3270F0BA2DB89E2FC731FFC0E9742000 /* Main.storyboard in Resources */,
			);
			runOnlyForDeploymentPostprocessing = 0;
		};
		3E5FA36539408EDAC8D964824B5005D2 /* Resources */ = {
			isa = PBXResourcesBuildPhase;
			buildActionMask = 2147483647;
			files = (
			);
			runOnlyForDeploymentPostprocessing = 0;
		};
		5B41C43C9FBCFD4572A0256BD4F3F456 /* Resources */ = {
			isa = PBXResourcesBuildPhase;
			buildActionMask = 2147483647;
			files = (
			);
			runOnlyForDeploymentPostprocessing = 0;
		};
/* End PBXResourcesBuildPhase section */

/* Begin PBXShellScriptBuildPhase section */
		076B6DEDB908E5AE24A4CFE1 /* [CP] Check Pods Manifest.lock */ = {
			isa = PBXShellScriptBuildPhase;
			buildActionMask = 2147483647;
			files = (
			);
			inputPaths = (
			);
			name = "[CP] Check Pods Manifest.lock";
			outputPaths = (
			);
			runOnlyForDeploymentPostprocessing = 0;
			shellPath = /bin/sh;
			shellScript = "diff \"${PODS_ROOT}/../Podfile.lock\" \"${PODS_ROOT}/Manifest.lock\" > /dev/null\nif [ $? != 0 ] ; then\n    # print error to STDERR\n    echo \"error: The sandbox is not in sync with the Podfile.lock. Run 'pod install' or update your CocoaPods installation.\" >&2\n    exit 1\nfi\n";
			showEnvVarsInLog = 0;
		};
		47C8EE149CE46E1477768A4D /* [CP] Embed Pods Frameworks */ = {
			isa = PBXShellScriptBuildPhase;
			buildActionMask = 2147483647;
			files = (
			);
			inputPaths = (
			);
			name = "[CP] Embed Pods Frameworks";
			outputPaths = (
			);
			runOnlyForDeploymentPostprocessing = 0;
			shellPath = /bin/sh;
			shellScript = "\"${SRCROOT}/Pods/Target Support Files/Pods-ios-appUITests/Pods-ios-appUITests-frameworks.sh\"\n";
			showEnvVarsInLog = 0;
		};
		570D6454E2BBE3654060CECD /* [CP] Embed Pods Frameworks */ = {
			isa = PBXShellScriptBuildPhase;
			buildActionMask = 2147483647;
			files = (
			);
			inputPaths = (
			);
			name = "[CP] Embed Pods Frameworks";
			outputPaths = (
			);
			runOnlyForDeploymentPostprocessing = 0;
			shellPath = /bin/sh;
			shellScript = "\"${SRCROOT}/Pods/Target Support Files/Pods-ios-app/Pods-ios-app-frameworks.sh\"\n";
			showEnvVarsInLog = 0;
		};
		ACFEA87F1E3DBB399AC95AE5 /* [CP] Copy Pods Resources */ = {
			isa = PBXShellScriptBuildPhase;
			buildActionMask = 2147483647;
			files = (
			);
			inputPaths = (
			);
			name = "[CP] Copy Pods Resources";
			outputPaths = (
			);
			runOnlyForDeploymentPostprocessing = 0;
			shellPath = /bin/sh;
			shellScript = "\"${SRCROOT}/Pods/Target Support Files/Pods-ios-appTests/Pods-ios-appTests-resources.sh\"\n";
			showEnvVarsInLog = 0;
		};
		AE0F8A4CC58E75A8CC582AE3 /* [CP] Check Pods Manifest.lock */ = {
			isa = PBXShellScriptBuildPhase;
			buildActionMask = 2147483647;
			files = (
			);
			inputPaths = (
			);
			name = "[CP] Check Pods Manifest.lock";
			outputPaths = (
			);
			runOnlyForDeploymentPostprocessing = 0;
			shellPath = /bin/sh;
			shellScript = "diff \"${PODS_ROOT}/../Podfile.lock\" \"${PODS_ROOT}/Manifest.lock\" > /dev/null\nif [ $? != 0 ] ; then\n    # print error to STDERR\n    echo \"error: The sandbox is not in sync with the Podfile.lock. Run 'pod install' or update your CocoaPods installation.\" >&2\n    exit 1\nfi\n";
			showEnvVarsInLog = 0;
		};
		AFC863F02A3730F1D8A406BE /* [CP] Check Pods Manifest.lock */ = {
			isa = PBXShellScriptBuildPhase;
			buildActionMask = 2147483647;
			files = (
			);
			inputPaths = (
			);
			name = "[CP] Check Pods Manifest.lock";
			outputPaths = (
			);
			runOnlyForDeploymentPostprocessing = 0;
			shellPath = /bin/sh;
			shellScript = "diff \"${PODS_ROOT}/../Podfile.lock\" \"${PODS_ROOT}/Manifest.lock\" > /dev/null\nif [ $? != 0 ] ; then\n    # print error to STDERR\n    echo \"error: The sandbox is not in sync with the Podfile.lock. Run 'pod install' or update your CocoaPods installation.\" >&2\n    exit 1\nfi\n";
			showEnvVarsInLog = 0;
		};
		B9AA5B41E3382ED1B96021FA /* [CP] Copy Pods Resources */ = {
			isa = PBXShellScriptBuildPhase;
			buildActionMask = 2147483647;
			files = (
			);
			inputPaths = (
			);
			name = "[CP] Copy Pods Resources";
			outputPaths = (
			);
			runOnlyForDeploymentPostprocessing = 0;
			shellPath = /bin/sh;
			shellScript = "\"${SRCROOT}/Pods/Target Support Files/Pods-ios-app/Pods-ios-app-resources.sh\"\n";
			showEnvVarsInLog = 0;
		};
		C0DCF5EBE358BD381D088C40 /* [CP] Copy Pods Resources */ = {
			isa = PBXShellScriptBuildPhase;
			buildActionMask = 2147483647;
			files = (
			);
			inputPaths = (
			);
			name = "[CP] Copy Pods Resources";
			outputPaths = (
			);
			runOnlyForDeploymentPostprocessing = 0;
			shellPath = /bin/sh;
			shellScript = "\"${SRCROOT}/Pods/Target Support Files/Pods-ios-appUITests/Pods-ios-appUITests-resources.sh\"\n";
			showEnvVarsInLog = 0;
		};
		D660BA4CDA440D5F7586ED86 /* [CP] Embed Pods Frameworks */ = {
			isa = PBXShellScriptBuildPhase;
			buildActionMask = 2147483647;
			files = (
			);
			inputPaths = (
			);
			name = "[CP] Embed Pods Frameworks";
			outputPaths = (
			);
			runOnlyForDeploymentPostprocessing = 0;
			shellPath = /bin/sh;
			shellScript = "\"${SRCROOT}/Pods/Target Support Files/Pods-ios-appTests/Pods-ios-appTests-frameworks.sh\"\n";
			showEnvVarsInLog = 0;
		};
/* End PBXShellScriptBuildPhase section */

/* Begin PBXSourcesBuildPhase section */
		0A80638461FEFF0902538E090A6E8676 /* Sources */ = {
			isa = PBXSourcesBuildPhase;
			buildActionMask = 2147483647;
			files = (
				38D5CCA17DA10FC2BB5F74A48E6A8A13 /* ios_appTests.swift in Sources */,
			);
			runOnlyForDeploymentPostprocessing = 0;
		};
		CEF8BF5424B49A2066E34D525CD78C18 /* Sources */ = {
			isa = PBXSourcesBuildPhase;
			buildActionMask = 2147483647;
			files = (
				6E1DBFF71E986EA200E29C42 /* HomeViewController.swift in Sources */,
				63D41EA86ED1CCCE596BD598F48E4A3E /* AppDelegate.swift in Sources */,
				6D7ED0920C229D6593BBF21441840520 /* ViewController.swift in Sources */,
				6E1DBFF31E986A2900E29C42 /* ProfileViewController.swift in Sources */,
				63254EFE5F3EF2507A91392D2896E9C7 /* ios_app.xcdatamodeld in Sources */,
				6E1DBFFB1E986ED900E29C42 /* SettingsViewController.swift in Sources */,
			);
			runOnlyForDeploymentPostprocessing = 0;
		};
		EF9A18A73D670CEDEA0635717CE55D85 /* Sources */ = {
			isa = PBXSourcesBuildPhase;
			buildActionMask = 2147483647;
			files = (
				739359C72B85CE07A90DD687ABAC4321 /* ios_appUITests.swift in Sources */,
			);
			runOnlyForDeploymentPostprocessing = 0;
		};
/* End PBXSourcesBuildPhase section */

/* Begin PBXTargetDependency section */
		93FA1F957902958DD1F1E7A1B1580118 /* PBXTargetDependency */ = {
			isa = PBXTargetDependency;
			target = 4B7F7B27DA252087D73087D24E7742BA /* ios-app */;
			targetProxy = DAE185D8E739280EEE76B5FE4C5DE700 /* PBXContainerItemProxy */;
		};
		A69DF82B5F0BF51E0634BC146F9EB5E2 /* PBXTargetDependency */ = {
			isa = PBXTargetDependency;
			target = 4B7F7B27DA252087D73087D24E7742BA /* ios-app */;
			targetProxy = F15D371086188AB84F542092A61BD068 /* PBXContainerItemProxy */;
		};
/* End PBXTargetDependency section */

/* Begin PBXVariantGroup section */
		310A98B6D9A1D63714EED01519D53367 /* LaunchScreen.storyboard */ = {
			isa = PBXVariantGroup;
			children = (
				90546E978362BDA71A6885D2D3A81A98 /* Base */,
			);
			name = LaunchScreen.storyboard;
			sourceTree = "<group>";
		};
		8B59706C944B9BFCB129977268D9F82D /* Main.storyboard */ = {
			isa = PBXVariantGroup;
			children = (
				04463F2D97CA9590A640DA927C56ACE9 /* Base */,
			);
			name = Main.storyboard;
			sourceTree = "<group>";
		};
/* End PBXVariantGroup section */

/* Begin XCBuildConfiguration section */
		3C86CE6CAFFB24427463ACA9001621F7 /* Debug */ = {
			isa = XCBuildConfiguration;
			baseConfigurationReference = 4B26C7AFBA8A8640A2D6E114 /* Pods-ios-appUITests.debug.xcconfig */;
			buildSettings = {
				ALWAYS_EMBED_SWIFT_STANDARD_LIBRARIES = YES;
				DEVELOPMENT_TEAM = MYKB4J9SMT;
				INFOPLIST_FILE = "ios-appUITests/Info.plist";
				LD_RUNPATH_SEARCH_PATHS = "$(inherited) @executable_path/Frameworks @loader_path/Frameworks";
				PRODUCT_BUNDLE_IDENTIFIER = "waruc.ios-appUITests";
				PRODUCT_NAME = "$(TARGET_NAME)";
				SWIFT_VERSION = 3.0;
				TEST_TARGET_NAME = "ios-app";
			};
			name = Debug;
		};
		4DEB42341D862C1FF51BEED9B35703AC /* Release */ = {
			isa = XCBuildConfiguration;
			baseConfigurationReference = 08899C3F8A4DC92BBE8E1BFD /* Pods-ios-app.release.xcconfig */;
			buildSettings = {
				ASSETCATALOG_COMPILER_APPICON_NAME = AppIcon;
				DEVELOPMENT_TEAM = K75D96Y95K;
				INFOPLIST_FILE = "ios-app/Info.plist";
				LD_RUNPATH_SEARCH_PATHS = "$(inherited) @executable_path/Frameworks";
				PRODUCT_BUNDLE_IDENTIFIER = "ishansaksena.ios-app";
				PRODUCT_NAME = "$(TARGET_NAME)";
				SWIFT_VERSION = 3.0;
			};
			name = Release;
		};
		755E20E0DBE4EF68FDC765BA2C946633 /* Debug */ = {
			isa = XCBuildConfiguration;
			baseConfigurationReference = 795BECD3F7BDDC7A07BAB855 /* Pods-ios-app.debug.xcconfig */;
			buildSettings = {
				ASSETCATALOG_COMPILER_APPICON_NAME = AppIcon;
				DEVELOPMENT_TEAM = K75D96Y95K;
				INFOPLIST_FILE = "ios-app/Info.plist";
				LD_RUNPATH_SEARCH_PATHS = "$(inherited) @executable_path/Frameworks";
				PRODUCT_BUNDLE_IDENTIFIER = "ishansaksena.ios-app";
				PRODUCT_NAME = "$(TARGET_NAME)";
				SWIFT_VERSION = 3.0;
			};
			name = Debug;
		};
		80897E693458321583A57A66C895EFCF /* Release */ = {
			isa = XCBuildConfiguration;
			baseConfigurationReference = 8710DDC32823684C1D4CA66F /* Pods-ios-appUITests.release.xcconfig */;
			buildSettings = {
				ALWAYS_EMBED_SWIFT_STANDARD_LIBRARIES = YES;
				DEVELOPMENT_TEAM = MYKB4J9SMT;
				INFOPLIST_FILE = "ios-appUITests/Info.plist";
				LD_RUNPATH_SEARCH_PATHS = "$(inherited) @executable_path/Frameworks @loader_path/Frameworks";
				PRODUCT_BUNDLE_IDENTIFIER = "waruc.ios-appUITests";
				PRODUCT_NAME = "$(TARGET_NAME)";
				SWIFT_VERSION = 3.0;
				TEST_TARGET_NAME = "ios-app";
			};
			name = Release;
		};
		82C6D38FFD7D3F52B068EE48117C711D /* Release */ = {
			isa = XCBuildConfiguration;
			buildSettings = {
				ALWAYS_SEARCH_USER_PATHS = NO;
				CLANG_ANALYZER_NONNULL = YES;
				CLANG_ANALYZER_NUMBER_OBJECT_CONVERSION = YES_AGGRESSIVE;
				CLANG_CXX_LANGUAGE_STANDARD = "gnu++0x";
				CLANG_CXX_LIBRARY = "libc++";
				CLANG_ENABLE_MODULES = YES;
				CLANG_ENABLE_OBJC_ARC = YES;
				CLANG_WARN_BOOL_CONVERSION = YES;
				CLANG_WARN_CONSTANT_CONVERSION = YES;
				CLANG_WARN_DIRECT_OBJC_ISA_USAGE = YES_ERROR;
				CLANG_WARN_DOCUMENTATION_COMMENTS = YES;
				CLANG_WARN_EMPTY_BODY = YES;
				CLANG_WARN_ENUM_CONVERSION = YES;
				CLANG_WARN_INFINITE_RECURSION = YES;
				CLANG_WARN_INT_CONVERSION = YES;
				CLANG_WARN_OBJC_ROOT_CLASS = YES_ERROR;
				CLANG_WARN_SUSPICIOUS_MOVE = YES;
				CLANG_WARN_UNREACHABLE_CODE = YES;
				CLANG_WARN__DUPLICATE_METHOD_MATCH = YES;
				"CODE_SIGN_IDENTITY[sdk=iphoneos*]" = "iPhone Developer";
				COPY_PHASE_STRIP = NO;
				DEBUG_INFORMATION_FORMAT = "dwarf-with-dsym";
				ENABLE_NS_ASSERTIONS = NO;
				ENABLE_STRICT_OBJC_MSGSEND = YES;
				GCC_C_LANGUAGE_STANDARD = gnu99;
				GCC_NO_COMMON_BLOCKS = YES;
				GCC_WARN_64_TO_32_BIT_CONVERSION = YES;
				GCC_WARN_ABOUT_RETURN_TYPE = YES_ERROR;
				GCC_WARN_UNDECLARED_SELECTOR = YES;
				GCC_WARN_UNINITIALIZED_AUTOS = YES_AGGRESSIVE;
				GCC_WARN_UNUSED_FUNCTION = YES;
				GCC_WARN_UNUSED_VARIABLE = YES;
				IPHONEOS_DEPLOYMENT_TARGET = 10.3;
				MTL_ENABLE_DEBUG_INFO = NO;
				SDKROOT = iphoneos;
				SWIFT_OPTIMIZATION_LEVEL = "-Owholemodule";
				TARGETED_DEVICE_FAMILY = "1,2";
				VALIDATE_PRODUCT = YES;
			};
			name = Release;
		};
		90EA0C1B8EBB98B897AA1C09BF2ECE4C /* Debug */ = {
			isa = XCBuildConfiguration;
			baseConfigurationReference = 201C661BD0587870A5A06352 /* Pods-ios-appTests.debug.xcconfig */;
			buildSettings = {
				ALWAYS_EMBED_SWIFT_STANDARD_LIBRARIES = YES;
				BUNDLE_LOADER = "$(TEST_HOST)";
				DEVELOPMENT_TEAM = MYKB4J9SMT;
				INFOPLIST_FILE = "ios-appTests/Info.plist";
				LD_RUNPATH_SEARCH_PATHS = "$(inherited) @executable_path/Frameworks @loader_path/Frameworks";
				PRODUCT_BUNDLE_IDENTIFIER = "waruc.ios-appTests";
				PRODUCT_NAME = "$(TARGET_NAME)";
				SWIFT_VERSION = 3.0;
				TEST_HOST = "$(BUILT_PRODUCTS_DIR)/ios-app.app/ios-app";
			};
			name = Debug;
		};
		BDB418192D309793154465A8CE9E0EED /* Release */ = {
			isa = XCBuildConfiguration;
			baseConfigurationReference = 1D358B68937430DB9EBF3C50 /* Pods-ios-appTests.release.xcconfig */;
			buildSettings = {
				ALWAYS_EMBED_SWIFT_STANDARD_LIBRARIES = YES;
				BUNDLE_LOADER = "$(TEST_HOST)";
				DEVELOPMENT_TEAM = MYKB4J9SMT;
				INFOPLIST_FILE = "ios-appTests/Info.plist";
				LD_RUNPATH_SEARCH_PATHS = "$(inherited) @executable_path/Frameworks @loader_path/Frameworks";
				PRODUCT_BUNDLE_IDENTIFIER = "waruc.ios-appTests";
				PRODUCT_NAME = "$(TARGET_NAME)";
				SWIFT_VERSION = 3.0;
				TEST_HOST = "$(BUILT_PRODUCTS_DIR)/ios-app.app/ios-app";
			};
			name = Release;
		};
		C2F3E5FA2E064B7DAD3B2D7C53CD43AB /* Debug */ = {
			isa = XCBuildConfiguration;
			buildSettings = {
				ALWAYS_SEARCH_USER_PATHS = NO;
				CLANG_ANALYZER_NONNULL = YES;
				CLANG_ANALYZER_NUMBER_OBJECT_CONVERSION = YES_AGGRESSIVE;
				CLANG_CXX_LANGUAGE_STANDARD = "gnu++0x";
				CLANG_CXX_LIBRARY = "libc++";
				CLANG_ENABLE_MODULES = YES;
				CLANG_ENABLE_OBJC_ARC = YES;
				CLANG_WARN_BOOL_CONVERSION = YES;
				CLANG_WARN_CONSTANT_CONVERSION = YES;
				CLANG_WARN_DIRECT_OBJC_ISA_USAGE = YES_ERROR;
				CLANG_WARN_DOCUMENTATION_COMMENTS = YES;
				CLANG_WARN_EMPTY_BODY = YES;
				CLANG_WARN_ENUM_CONVERSION = YES;
				CLANG_WARN_INFINITE_RECURSION = YES;
				CLANG_WARN_INT_CONVERSION = YES;
				CLANG_WARN_OBJC_ROOT_CLASS = YES_ERROR;
				CLANG_WARN_SUSPICIOUS_MOVE = YES;
				CLANG_WARN_UNREACHABLE_CODE = YES;
				CLANG_WARN__DUPLICATE_METHOD_MATCH = YES;
				"CODE_SIGN_IDENTITY[sdk=iphoneos*]" = "iPhone Developer";
				COPY_PHASE_STRIP = NO;
				DEBUG_INFORMATION_FORMAT = dwarf;
				ENABLE_STRICT_OBJC_MSGSEND = YES;
				ENABLE_TESTABILITY = YES;
				GCC_C_LANGUAGE_STANDARD = gnu99;
				GCC_DYNAMIC_NO_PIC = NO;
				GCC_NO_COMMON_BLOCKS = YES;
				GCC_OPTIMIZATION_LEVEL = 0;
				GCC_PREPROCESSOR_DEFINITIONS = (
					"DEBUG=1",
					"$(inherited)",
				);
				GCC_WARN_64_TO_32_BIT_CONVERSION = YES;
				GCC_WARN_ABOUT_RETURN_TYPE = YES_ERROR;
				GCC_WARN_UNDECLARED_SELECTOR = YES;
				GCC_WARN_UNINITIALIZED_AUTOS = YES_AGGRESSIVE;
				GCC_WARN_UNUSED_FUNCTION = YES;
				GCC_WARN_UNUSED_VARIABLE = YES;
				IPHONEOS_DEPLOYMENT_TARGET = 10.3;
				MTL_ENABLE_DEBUG_INFO = YES;
				ONLY_ACTIVE_ARCH = YES;
				SDKROOT = iphoneos;
				SWIFT_ACTIVE_COMPILATION_CONDITIONS = DEBUG;
				SWIFT_OPTIMIZATION_LEVEL = "-Onone";
				TARGETED_DEVICE_FAMILY = "1,2";
			};
			name = Debug;
		};
/* End XCBuildConfiguration section */

/* Begin XCConfigurationList section */
		097C097B52E6D91C229C86B3B2CBE9AE /* Build configuration list for PBXNativeTarget "ios-app" */ = {
			isa = XCConfigurationList;
			buildConfigurations = (
				755E20E0DBE4EF68FDC765BA2C946633 /* Debug */,
				4DEB42341D862C1FF51BEED9B35703AC /* Release */,
			);
			defaultConfigurationIsVisible = 0;
			defaultConfigurationName = Release;
		};
		C9C202F931A0296B94C24B8D84DD6EBE /* Build configuration list for PBXProject "ios-app" */ = {
			isa = XCConfigurationList;
			buildConfigurations = (
				C2F3E5FA2E064B7DAD3B2D7C53CD43AB /* Debug */,
				82C6D38FFD7D3F52B068EE48117C711D /* Release */,
			);
			defaultConfigurationIsVisible = 0;
			defaultConfigurationName = Release;
		};
		E2D161B460DC00C9530CB8E331F68CAD /* Build configuration list for PBXNativeTarget "ios-appUITests" */ = {
			isa = XCConfigurationList;
			buildConfigurations = (
				3C86CE6CAFFB24427463ACA9001621F7 /* Debug */,
				80897E693458321583A57A66C895EFCF /* Release */,
			);
			defaultConfigurationIsVisible = 0;
			defaultConfigurationName = Release;
		};
		E9472F8A753B05901DCB8B85BB166348 /* Build configuration list for PBXNativeTarget "ios-appTests" */ = {
			isa = XCConfigurationList;
			buildConfigurations = (
				90EA0C1B8EBB98B897AA1C09BF2ECE4C /* Debug */,
				BDB418192D309793154465A8CE9E0EED /* Release */,
			);
			defaultConfigurationIsVisible = 0;
			defaultConfigurationName = Release;
		};
/* End XCConfigurationList section */

/* Begin XCVersionGroup section */
		B7C665298DB176695132B2F26FA1F9E6 /* ios_app.xcdatamodeld */ = {
			isa = XCVersionGroup;
			children = (
				578289527F9714E0BB9D02424C1DA42F /* ios_app.xcdatamodel */,
			);
			currentVersion = 578289527F9714E0BB9D02424C1DA42F /* ios_app.xcdatamodel */;
			path = ios_app.xcdatamodeld;
			sourceTree = "<group>";
			versionGroupType = wrapper.xcdatamodel;
		};
/* End XCVersionGroup section */
	};
	rootObject = 3D3913682A3EE96A333958CF4B8F0DCC /* Project object */;
}
